// !$*UTF8*$!
{
	archiveVersion = 1;
	classes = {
	};
	objectVersion = 46;
	objects = {

/* Begin PBXBuildFile section */
		1C0C2F7D8D2A414298DAE3C8 /* libPods.a in Frameworks */ = {isa = PBXBuildFile; fileRef = 46E59A15738343AEB60F48BB /* libPods.a */; };
		3306036B1740A56E00D7BD91 /* AULinkedScrollView.m in Sources */ = {isa = PBXBuildFile; fileRef = 3306036A1740A56E00D7BD91 /* AULinkedScrollView.m */; };
		330603991741FDDE00D7BD91 /* AUTimelineChannel.m in Sources */ = {isa = PBXBuildFile; fileRef = 330603981741FDDE00D7BD91 /* AUTimelineChannel.m */; };
		332E61CE1731D964008C8025 /* Cocoa.framework in Frameworks */ = {isa = PBXBuildFile; fileRef = 332E61CD1731D964008C8025 /* Cocoa.framework */; };
		332E61D81731D964008C8025 /* InfoPlist.strings in Resources */ = {isa = PBXBuildFile; fileRef = 332E61D61731D964008C8025 /* InfoPlist.strings */; };
		332E61DA1731D964008C8025 /* main.m in Sources */ = {isa = PBXBuildFile; fileRef = 332E61D91731D964008C8025 /* main.m */; };
		332E61DE1731D964008C8025 /* Credits.rtf in Resources */ = {isa = PBXBuildFile; fileRef = 332E61DC1731D964008C8025 /* Credits.rtf */; };
		332E61E11731D964008C8025 /* AUAppDelegate.m in Sources */ = {isa = PBXBuildFile; fileRef = 332E61E01731D964008C8025 /* AUAppDelegate.m */; };
		332E61E41731D964008C8025 /* MainMenu.xib in Resources */ = {isa = PBXBuildFile; fileRef = 332E61E21731D964008C8025 /* MainMenu.xib */; };
		332E62001731DADB008C8025 /* CocoaLibSpotify.framework in Frameworks */ = {isa = PBXBuildFile; fileRef = 332E61FB1731DACE008C8025 /* CocoaLibSpotify.framework */; };
		3349D2221735DB8600648144 /* AUView.m in Sources */ = {isa = PBXBuildFile; fileRef = 3349D2211735DB8600648144 /* AUView.m */; };
		3349D2251735DD6300648144 /* AULightIndexTransformer.m in Sources */ = {isa = PBXBuildFile; fileRef = 3349D2241735DD6300648144 /* AULightIndexTransformer.m */; };
		3349D2291735EAF500648144 /* AUSongTimeline.m in Sources */ = {isa = PBXBuildFile; fileRef = 3349D2281735EAF500648144 /* AUSongTimeline.m */; };
		3349D22C1735EE8200648144 /* AUPlaybackCoordinator.m in Sources */ = {isa = PBXBuildFile; fileRef = 3349D22B1735EE6A00648144 /* AUPlaybackCoordinator.m */; };
		3349D22F1735F58500648144 /* AUArrayTransformer.m in Sources */ = {isa = PBXBuildFile; fileRef = 3349D22E1735F57300648144 /* AUArrayTransformer.m */; };
		336BE10A173321580069C92C /* AUColorPulse.m in Sources */ = {isa = PBXBuildFile; fileRef = 336BE0F9173321580069C92C /* AUColorPulse.m */; };
		336BE10B173321580069C92C /* AUEffect.m in Sources */ = {isa = PBXBuildFile; fileRef = 336BE0FB173321580069C92C /* AUEffect.m */; };
		336BE10C173321580069C92C /* AUEffectCollectionViewItem.m in Sources */ = {isa = PBXBuildFile; fileRef = 336BE0FD173321580069C92C /* AUEffectCollectionViewItem.m */; };
		336BE10D173321580069C92C /* AUEffectCollectionViewItem.xib in Resources */ = {isa = PBXBuildFile; fileRef = 336BE0FE173321580069C92C /* AUEffectCollectionViewItem.xib */; };
		336BE10E173321580069C92C /* AUEffectEditView.xib in Resources */ = {isa = PBXBuildFile; fileRef = 336BE0FF173321580069C92C /* AUEffectEditView.xib */; };
		336BE110173321580069C92C /* AUEffectTestView.xib in Resources */ = {isa = PBXBuildFile; fileRef = 336BE102173321580069C92C /* AUEffectTestView.xib */; };
		336BE111173321580069C92C /* AUEffectTestViewController.m in Sources */ = {isa = PBXBuildFile; fileRef = 336BE104173321580069C92C /* AUEffectTestViewController.m */; };
		336BE112173321580069C92C /* AUEffectViewController.m in Sources */ = {isa = PBXBuildFile; fileRef = 336BE106173321580069C92C /* AUEffectViewController.m */; };
		336BE113173321580069C92C /* AUHueLight.icns in Resources */ = {isa = PBXBuildFile; fileRef = 336BE107173321580069C92C /* AUHueLight.icns */; };
		336BE114173321580069C92C /* AULightColorView.m in Sources */ = {isa = PBXBuildFile; fileRef = 336BE109173321580069C92C /* AULightColorView.m */; };
		336BE11D173323CA0069C92C /* AUSongEditorView.xib in Resources */ = {isa = PBXBuildFile; fileRef = 336BE11A173323CA0069C92C /* AUSongEditorView.xib */; };
		336BE11E173323CA0069C92C /* AUSongEditorViewController.m in Sources */ = {isa = PBXBuildFile; fileRef = 336BE11C173323CA0069C92C /* AUSongEditorViewController.m */; };
		336BE123173324330069C92C /* AUScheduleClock.icns in Resources */ = {isa = PBXBuildFile; fileRef = 336BE120173324320069C92C /* AUScheduleClock.icns */; };
		336BE124173324330069C92C /* AUSnapshot.icns in Resources */ = {isa = PBXBuildFile; fileRef = 336BE121173324330069C92C /* AUSnapshot.icns */; };
		336BE125173324330069C92C /* AUSpectrumChart.jpg in Resources */ = {isa = PBXBuildFile; fileRef = 336BE122173324330069C92C /* AUSpectrumChart.jpg */; };
		336BE1291733244E0069C92C /* AUStrobe.m in Sources */ = {isa = PBXBuildFile; fileRef = 336BE1271733244E0069C92C /* AUStrobe.m */; };
		336BE12A1733244E0069C92C /* AUSuccess.icns in Resources */ = {isa = PBXBuildFile; fileRef = 336BE1281733244E0069C92C /* AUSuccess.icns */; };
		336BE130173324BB0069C92C /* AULightTableCellView.m in Sources */ = {isa = PBXBuildFile; fileRef = 336BE12D173324BB0069C92C /* AULightTableCellView.m */; };
		336FBD5D1735C2F9008A8C01 /* AUEditorCellView.m in Sources */ = {isa = PBXBuildFile; fileRef = 336FBD5C1735C2F9008A8C01 /* AUEditorCellView.m */; };
		336FBD611735C311008A8C01 /* AULightCellView.m in Sources */ = {isa = PBXBuildFile; fileRef = 336FBD601735C311008A8C01 /* AULightCellView.m */; };
		339DD8F31731F7D200E30409 /* BFNavigationController.m in Sources */ = {isa = PBXBuildFile; fileRef = 339DD8F11731F7D200E30409 /* BFNavigationController.m */; };
		339DD8F81731F82200E30409 /* NSView+BFUtilities.m in Sources */ = {isa = PBXBuildFile; fileRef = 339DD8F71731F82200E30409 /* NSView+BFUtilities.m */; };
		339DD8FC1731FA5B00E30409 /* AUSpotifyView.xib in Resources */ = {isa = PBXBuildFile; fileRef = 339DD8F91731FA5B00E30409 /* AUSpotifyView.xib */; };
		339DD8FD1731FA5B00E30409 /* AUSpotifyViewController.m in Sources */ = {isa = PBXBuildFile; fileRef = 339DD8FB1731FA5B00E30409 /* AUSpotifyViewController.m */; };
		33B1411D17420599007CC2E4 /* AUPlay.png in Resources */ = {isa = PBXBuildFile; fileRef = 33B1411C17420599007CC2E4 /* AUPlay.png */; };
		33B1411F174206E5007CC2E4 /* AUPause.png in Resources */ = {isa = PBXBuildFile; fileRef = 33B1411E174206E5007CC2E4 /* AUPause.png */; };
		33B14121174208BA007CC2E4 /* AULastSong.png in Resources */ = {isa = PBXBuildFile; fileRef = 33B14120174208BA007CC2E4 /* AULastSong.png */; };
		33B14123174208C7007CC2E4 /* AUNextSong.png in Resources */ = {isa = PBXBuildFile; fileRef = 33B14122174208C7007CC2E4 /* AUNextSong.png */; };
		33CC93511735C36800F67A99 /* AUTimelineView.m in Sources */ = {isa = PBXBuildFile; fileRef = 33CC93501735C36800F67A99 /* AUTimelineView.m */; };
		33CC93581735CEAF00F67A99 /* NSView+AUAdditions.m in Sources */ = {isa = PBXBuildFile; fileRef = 33CC93571735CEAF00F67A99 /* NSView+AUAdditions.m */; };
		33CC935B1735D75100F67A99 /* AUScrollView.m in Sources */ = {isa = PBXBuildFile; fileRef = 33CC935A1735D75100F67A99 /* AUScrollView.m */; };
		33DA0C611731E74D008C2004 /* AULineQuadTemplate.pdf in Resources */ = {isa = PBXBuildFile; fileRef = 33DA0BEF1731E74D008C2004 /* AULineQuadTemplate.pdf */; };
		33DA0C621731E74D008C2004 /* AULineTripleTemplate.pdf in Resources */ = {isa = PBXBuildFile; fileRef = 33DA0BF01731E74D008C2004 /* AULineTripleTemplate.pdf */; };
		33DA0C661731E74D008C2004 /* AUResume.pdf in Resources */ = {isa = PBXBuildFile; fileRef = 33DA0BF41731E74D008C2004 /* AUResume.pdf */; };
		33DA0C671731E74D008C2004 /* AUShelfArrowDown.pdf in Resources */ = {isa = PBXBuildFile; fileRef = 33DA0BF51731E74D008C2004 /* AUShelfArrowDown.pdf */; };
		33DA0C681731E74D008C2004 /* AUShelfArrowUp.pdf in Resources */ = {isa = PBXBuildFile; fileRef = 33DA0BF61731E74D008C2004 /* AUShelfArrowUp.pdf */; };
		33DA0C691731E74D008C2004 /* AUShelfArrowUpSelected.pdf in Resources */ = {isa = PBXBuildFile; fileRef = 33DA0BF71731E74D008C2004 /* AUShelfArrowUpSelected.pdf */; };
		33DA0C6A1731E74D008C2004 /* album-Template.png in Resources */ = {isa = PBXBuildFile; fileRef = 33DA0BF81731E74D008C2004 /* album-Template.png */; };
		33DA0C6B1731E74D008C2004 /* album-Template@2x.png in Resources */ = {isa = PBXBuildFile; fileRef = 33DA0BF91731E74D008C2004 /* album-Template@2x.png */; };
		33DA0C6C1731E74D008C2004 /* artist-Template.png in Resources */ = {isa = PBXBuildFile; fileRef = 33DA0BFA1731E74D008C2004 /* artist-Template.png */; };
		33DA0C6D1731E74D008C2004 /* artist-Template@2x.png in Resources */ = {isa = PBXBuildFile; fileRef = 33DA0BFB1731E74D008C2004 /* artist-Template@2x.png */; };
		33DA0C6E1731E74D008C2004 /* AUAddWithArrowTemplate.png in Resources */ = {isa = PBXBuildFile; fileRef = 33DA0BFC1731E74D008C2004 /* AUAddWithArrowTemplate.png */; };
		33DA0C6F1731E74D008C2004 /* AUAddWithArrowTemplate@2x.png in Resources */ = {isa = PBXBuildFile; fileRef = 33DA0BFD1731E74D008C2004 /* AUAddWithArrowTemplate@2x.png */; };
		33DA0C701731E74D008C2004 /* AUBlueStatusBead.png in Resources */ = {isa = PBXBuildFile; fileRef = 33DA0BFE1731E74D008C2004 /* AUBlueStatusBead.png */; };
		33DA0C711731E74D008C2004 /* AUBlueStatusBead@2x.png in Resources */ = {isa = PBXBuildFile; fileRef = 33DA0BFF1731E74D008C2004 /* AUBlueStatusBead@2x.png */; };
		33DA0C721731E74D008C2004 /* AUDisclosureTriangleDiagonal.png in Resources */ = {isa = PBXBuildFile; fileRef = 33DA0C001731E74D008C2004 /* AUDisclosureTriangleDiagonal.png */; };
		33DA0C731731E74D008C2004 /* AUDisclosureTriangleDiagonal@2x.png in Resources */ = {isa = PBXBuildFile; fileRef = 33DA0C011731E74D008C2004 /* AUDisclosureTriangleDiagonal@2x.png */; };
		33DA0C741731E74D008C2004 /* AUDisclosureTriangleDown.png in Resources */ = {isa = PBXBuildFile; fileRef = 33DA0C021731E74D008C2004 /* AUDisclosureTriangleDown.png */; };
		33DA0C751731E74D008C2004 /* AUDisclosureTriangleDown@2x.png in Resources */ = {isa = PBXBuildFile; fileRef = 33DA0C031731E74D008C2004 /* AUDisclosureTriangleDown@2x.png */; };
		33DA0C761731E74D008C2004 /* AUDisclosureTriangleDownPressed.png in Resources */ = {isa = PBXBuildFile; fileRef = 33DA0C041731E74D008C2004 /* AUDisclosureTriangleDownPressed.png */; };
		33DA0C771731E74D008C2004 /* AUDisclosureTriangleDownPressed@2x.png in Resources */ = {isa = PBXBuildFile; fileRef = 33DA0C051731E74D008C2004 /* AUDisclosureTriangleDownPressed@2x.png */; };
		33DA0C781731E74D008C2004 /* AUDisclosureTriangleRight.png in Resources */ = {isa = PBXBuildFile; fileRef = 33DA0C061731E74D008C2004 /* AUDisclosureTriangleRight.png */; };
		33DA0C791731E74D008C2004 /* AUDisclosureTriangleRight@2x.png in Resources */ = {isa = PBXBuildFile; fileRef = 33DA0C071731E74D008C2004 /* AUDisclosureTriangleRight@2x.png */; };
		33DA0C7A1731E74D008C2004 /* AUDisclosureTriangleRightPressed.png in Resources */ = {isa = PBXBuildFile; fileRef = 33DA0C081731E74D008C2004 /* AUDisclosureTriangleRightPressed.png */; };
		33DA0C7B1731E74D008C2004 /* AUDisclosureTriangleRightPressed@2x.png in Resources */ = {isa = PBXBuildFile; fileRef = 33DA0C091731E74D008C2004 /* AUDisclosureTriangleRightPressed@2x.png */; };
		33DA0C7C1731E74D008C2004 /* AUGrayStatusBead.png in Resources */ = {isa = PBXBuildFile; fileRef = 33DA0C0A1731E74D008C2004 /* AUGrayStatusBead.png */; };
		33DA0C7D1731E74D008C2004 /* AUGrayStatusBead@2x.png in Resources */ = {isa = PBXBuildFile; fileRef = 33DA0C0B1731E74D008C2004 /* AUGrayStatusBead@2x.png */; };
		33DA0C7E1731E74D008C2004 /* AUGreenCircleShape.png in Resources */ = {isa = PBXBuildFile; fileRef = 33DA0C0C1731E74D008C2004 /* AUGreenCircleShape.png */; };
		33DA0C7F1731E74D008C2004 /* AULighterGreenStatusBead.png in Resources */ = {isa = PBXBuildFile; fileRef = 33DA0C0D1731E74D008C2004 /* AULighterGreenStatusBead.png */; };
		33DA0C801731E74D008C2004 /* AULighterGreenStatusBead@2x.png in Resources */ = {isa = PBXBuildFile; fileRef = 33DA0C0E1731E74D008C2004 /* AULighterGreenStatusBead@2x.png */; };
		33DA0C811731E74D008C2004 /* AULightGreenStatusBead.png in Resources */ = {isa = PBXBuildFile; fileRef = 33DA0C0F1731E74D008C2004 /* AULightGreenStatusBead.png */; };
		33DA0C821731E74D008C2004 /* AULightGreenStatusBead@2x.png in Resources */ = {isa = PBXBuildFile; fileRef = 33DA0C101731E74D008C2004 /* AULightGreenStatusBead@2x.png */; };
		33DA0C831731E74D008C2004 /* AULinenDark.png in Resources */ = {isa = PBXBuildFile; fileRef = 33DA0C111731E74D008C2004 /* AULinenDark.png */; };
		33DA0C841731E74D008C2004 /* AULinenDark@2x.png in Resources */ = {isa = PBXBuildFile; fileRef = 33DA0C121731E74D008C2004 /* AULinenDark@2x.png */; };
		33DA0C851731E74D008C2004 /* AULinenLight.png in Resources */ = {isa = PBXBuildFile; fileRef = 33DA0C131731E74D008C2004 /* AULinenLight.png */; };
		33DA0C861731E74D008C2004 /* AULinenLight@2x.png in Resources */ = {isa = PBXBuildFile; fileRef = 33DA0C141731E74D008C2004 /* AULinenLight@2x.png */; };
		33DA0C871731E74D008C2004 /* AUNewRecord.png in Resources */ = {isa = PBXBuildFile; fileRef = 33DA0C151731E74D008C2004 /* AUNewRecord.png */; };
		33DA0C881731E74D008C2004 /* AUNewRecord@2x.png in Resources */ = {isa = PBXBuildFile; fileRef = 33DA0C161731E74D008C2004 /* AUNewRecord@2x.png */; };
		33DA0C891731E74D008C2004 /* AUSplitterHandle.png in Resources */ = {isa = PBXBuildFile; fileRef = 33DA0C171731E74D008C2004 /* AUSplitterHandle.png */; };
		33DA0C8A1731E74D008C2004 /* AUSplitterHandle@2x.png in Resources */ = {isa = PBXBuildFile; fileRef = 33DA0C181731E74D008C2004 /* AUSplitterHandle@2x.png */; };
		33DA0C8B1731E74D008C2004 /* clear-icon.png in Resources */ = {isa = PBXBuildFile; fileRef = 33DA0C191731E74D008C2004 /* clear-icon.png */; };
		33DA0C8C1731E74D008C2004 /* clear-icon@2x.png in Resources */ = {isa = PBXBuildFile; fileRef = 33DA0C1A1731E74D008C2004 /* clear-icon@2x.png */; };
		33DA0C8D1731E74D008C2004 /* crosshatch-bg-inactive.png in Resources */ = {isa = PBXBuildFile; fileRef = 33DA0C1B1731E74D008C2004 /* crosshatch-bg-inactive.png */; };
		33DA0C8E1731E74D008C2004 /* crosshatch-bg-inactive@2x.png in Resources */ = {isa = PBXBuildFile; fileRef = 33DA0C1C1731E74D008C2004 /* crosshatch-bg-inactive@2x.png */; };
		33DA0C8F1731E74D008C2004 /* crosshatch-bg.png in Resources */ = {isa = PBXBuildFile; fileRef = 33DA0C1D1731E74D008C2004 /* crosshatch-bg.png */; };
		33DA0C901731E74D008C2004 /* crosshatch-bg@2x.png in Resources */ = {isa = PBXBuildFile; fileRef = 33DA0C1E1731E74D008C2004 /* crosshatch-bg@2x.png */; };
		33DA0C911731E74D008C2004 /* dotted-border.png in Resources */ = {isa = PBXBuildFile; fileRef = 33DA0C1F1731E74D008C2004 /* dotted-border.png */; };
		33DA0C921731E74D008C2004 /* dotted-border@2x.png in Resources */ = {isa = PBXBuildFile; fileRef = 33DA0C201731E74D008C2004 /* dotted-border@2x.png */; };
		33DA0C931731E74D008C2004 /* edit-mix.png in Resources */ = {isa = PBXBuildFile; fileRef = 33DA0C211731E74D008C2004 /* edit-mix.png */; };
		33DA0C941731E74D008C2004 /* edit-mix@2x.png in Resources */ = {isa = PBXBuildFile; fileRef = 33DA0C221731E74D008C2004 /* edit-mix@2x.png */; };
		33DA0C951731E74D008C2004 /* editing-cancel.png in Resources */ = {isa = PBXBuildFile; fileRef = 33DA0C231731E74D008C2004 /* editing-cancel.png */; };
		33DA0C961731E74D008C2004 /* editing-cancel@2x.png in Resources */ = {isa = PBXBuildFile; fileRef = 33DA0C241731E74D008C2004 /* editing-cancel@2x.png */; };
		33DA0C971731E74D008C2004 /* editing-done.png in Resources */ = {isa = PBXBuildFile; fileRef = 33DA0C251731E74D008C2004 /* editing-done.png */; };
		33DA0C981731E74D008C2004 /* editing-done@2x.png in Resources */ = {isa = PBXBuildFile; fileRef = 33DA0C261731E74D008C2004 /* editing-done@2x.png */; };
		33DA0C991731E74D008C2004 /* eq-reset.png in Resources */ = {isa = PBXBuildFile; fileRef = 33DA0C271731E74D008C2004 /* eq-reset.png */; };
		33DA0C9A1731E74D008C2004 /* eq-reset@2x.png in Resources */ = {isa = PBXBuildFile; fileRef = 33DA0C281731E74D008C2004 /* eq-reset@2x.png */; };
		33DA0C9B1731E74D008C2004 /* general.png in Resources */ = {isa = PBXBuildFile; fileRef = 33DA0C291731E74D008C2004 /* general.png */; };
		33DA0C9C1731E74D008C2004 /* general@2x.png in Resources */ = {isa = PBXBuildFile; fileRef = 33DA0C2A1731E74D008C2004 /* general@2x.png */; };
		33DA0C9D1731E74D008C2004 /* nav-Template.png in Resources */ = {isa = PBXBuildFile; fileRef = 33DA0C2B1731E74D008C2004 /* nav-Template.png */; };
		33DA0C9E1731E74D008C2004 /* nav-Template@2x.png in Resources */ = {isa = PBXBuildFile; fileRef = 33DA0C2C1731E74D008C2004 /* nav-Template@2x.png */; };
		33DA0C9F1731E74D008C2004 /* pause-button.png in Resources */ = {isa = PBXBuildFile; fileRef = 33DA0C2D1731E74D008C2004 /* pause-button.png */; };
		33DA0CA01731E74D008C2004 /* pause-button@2x.png in Resources */ = {isa = PBXBuildFile; fileRef = 33DA0C2E1731E74D008C2004 /* pause-button@2x.png */; };
		33DA0CA11731E74D008C2004 /* play-button.png in Resources */ = {isa = PBXBuildFile; fileRef = 33DA0C2F1731E74D008C2004 /* play-button.png */; };
		33DA0CA21731E74D008C2004 /* play-button@2x.png in Resources */ = {isa = PBXBuildFile; fileRef = 33DA0C301731E74D008C2004 /* play-button@2x.png */; };
		33DA0CA31731E74D008C2004 /* plus-h-Template.png in Resources */ = {isa = PBXBuildFile; fileRef = 33DA0C311731E74D008C2004 /* plus-h-Template.png */; };
		33DA0CA41731E74D008C2004 /* plus-h-Template@2x.png in Resources */ = {isa = PBXBuildFile; fileRef = 33DA0C321731E74D008C2004 /* plus-h-Template@2x.png */; };
		33DA0CA51731E74D008C2004 /* plus-Template.png in Resources */ = {isa = PBXBuildFile; fileRef = 33DA0C331731E74D008C2004 /* plus-Template.png */; };
		33DA0CA61731E74D008C2004 /* plus-Template@2x.png in Resources */ = {isa = PBXBuildFile; fileRef = 33DA0C341731E74D008C2004 /* plus-Template@2x.png */; };
		33DA0CA71731E74D008C2004 /* queue-return-left.png in Resources */ = {isa = PBXBuildFile; fileRef = 33DA0C351731E74D008C2004 /* queue-return-left.png */; };
		33DA0CA81731E74D008C2004 /* queue-return-left@2x.png in Resources */ = {isa = PBXBuildFile; fileRef = 33DA0C361731E74D008C2004 /* queue-return-left@2x.png */; };
		33DA0CA91731E74D008C2004 /* queue-return-right.png in Resources */ = {isa = PBXBuildFile; fileRef = 33DA0C371731E74D008C2004 /* queue-return-right.png */; };
		33DA0CAA1731E74D008C2004 /* queue-return-right@2x.png in Resources */ = {isa = PBXBuildFile; fileRef = 33DA0C381731E74D008C2004 /* queue-return-right@2x.png */; };
		33DA0CAB1731E74D008C2004 /* repeat-all.png in Resources */ = {isa = PBXBuildFile; fileRef = 33DA0C391731E74D008C2004 /* repeat-all.png */; };
		33DA0CAC1731E74D008C2004 /* repeat-all@2x.png in Resources */ = {isa = PBXBuildFile; fileRef = 33DA0C3A1731E74D008C2004 /* repeat-all@2x.png */; };
		33DA0CAD1731E74D008C2004 /* repeat-icon.png in Resources */ = {isa = PBXBuildFile; fileRef = 33DA0C3B1731E74D008C2004 /* repeat-icon.png */; };
		33DA0CAE1731E74D008C2004 /* repeat-icon@2x.png in Resources */ = {isa = PBXBuildFile; fileRef = 33DA0C3C1731E74D008C2004 /* repeat-icon@2x.png */; };
		33DA0CAF1731E74D008C2004 /* repeat-one.png in Resources */ = {isa = PBXBuildFile; fileRef = 33DA0C3D1731E74D008C2004 /* repeat-one.png */; };
		33DA0CB01731E74D008C2004 /* repeat-one@2x.png in Resources */ = {isa = PBXBuildFile; fileRef = 33DA0C3E1731E74D008C2004 /* repeat-one@2x.png */; };
		33DA0CB11731E74D008C2004 /* save-icon.png in Resources */ = {isa = PBXBuildFile; fileRef = 33DA0C3F1731E74D008C2004 /* save-icon.png */; };
		33DA0CB21731E74D008C2004 /* save-icon@2x.png in Resources */ = {isa = PBXBuildFile; fileRef = 33DA0C401731E74D008C2004 /* save-icon@2x.png */; };
		33DA0CB31731E74D008C2004 /* share-button.png in Resources */ = {isa = PBXBuildFile; fileRef = 33DA0C411731E74D008C2004 /* share-button.png */; };
		33DA0CB41731E74D008C2004 /* share-button@2x.png in Resources */ = {isa = PBXBuildFile; fileRef = 33DA0C421731E74D008C2004 /* share-button@2x.png */; };
		33DA0CB51731E74D008C2004 /* shuffle-active.png in Resources */ = {isa = PBXBuildFile; fileRef = 33DA0C431731E74D008C2004 /* shuffle-active.png */; };
		33DA0CB61731E74D008C2004 /* shuffle-active@2x.png in Resources */ = {isa = PBXBuildFile; fileRef = 33DA0C441731E74D008C2004 /* shuffle-active@2x.png */; };
		33DA0CB71731E74D008C2004 /* shuffle-icon.png in Resources */ = {isa = PBXBuildFile; fileRef = 33DA0C451731E74D008C2004 /* shuffle-icon.png */; };
		33DA0CB81731E74D008C2004 /* shuffle-icon@2x.png in Resources */ = {isa = PBXBuildFile; fileRef = 33DA0C461731E74D008C2004 /* shuffle-icon@2x.png */; };
		33DA0CB91731E74D008C2004 /* slider-empty-bottom.png in Resources */ = {isa = PBXBuildFile; fileRef = 33DA0C471731E74D008C2004 /* slider-empty-bottom.png */; };
		33DA0CBA1731E74D008C2004 /* slider-empty-bottom@2x.png in Resources */ = {isa = PBXBuildFile; fileRef = 33DA0C481731E74D008C2004 /* slider-empty-bottom@2x.png */; };
		33DA0CBB1731E74D008C2004 /* slider-empty-mid.png in Resources */ = {isa = PBXBuildFile; fileRef = 33DA0C491731E74D008C2004 /* slider-empty-mid.png */; };
		33DA0CBC1731E74D008C2004 /* slider-empty-mid@2x.png in Resources */ = {isa = PBXBuildFile; fileRef = 33DA0C4A1731E74D008C2004 /* slider-empty-mid@2x.png */; };
		33DA0CBD1731E74D008C2004 /* slider-empty-top.png in Resources */ = {isa = PBXBuildFile; fileRef = 33DA0C4B1731E74D008C2004 /* slider-empty-top.png */; };
		33DA0CBE1731E74D008C2004 /* slider-empty-top@2x.png in Resources */ = {isa = PBXBuildFile; fileRef = 33DA0C4C1731E74D008C2004 /* slider-empty-top@2x.png */; };
		33DA0CBF1731E74D008C2004 /* slider-filled-bottom.png in Resources */ = {isa = PBXBuildFile; fileRef = 33DA0C4D1731E74D008C2004 /* slider-filled-bottom.png */; };
		33DA0CC01731E74D008C2004 /* slider-filled-bottom@2x.png in Resources */ = {isa = PBXBuildFile; fileRef = 33DA0C4E1731E74D008C2004 /* slider-filled-bottom@2x.png */; };
		33DA0CC11731E74D008C2004 /* slider-filled-mid.png in Resources */ = {isa = PBXBuildFile; fileRef = 33DA0C4F1731E74D008C2004 /* slider-filled-mid.png */; };
		33DA0CC21731E74D008C2004 /* slider-filled-mid@2x.png in Resources */ = {isa = PBXBuildFile; fileRef = 33DA0C501731E74D008C2004 /* slider-filled-mid@2x.png */; };
		33DA0CC31731E74D008C2004 /* slider-filled-top.png in Resources */ = {isa = PBXBuildFile; fileRef = 33DA0C511731E74D008C2004 /* slider-filled-top.png */; };
		33DA0CC41731E74D008C2004 /* slider-filled-top@2x.png in Resources */ = {isa = PBXBuildFile; fileRef = 33DA0C521731E74D008C2004 /* slider-filled-top@2x.png */; };
		33DA0CC51731E74D008C2004 /* slider-knob-h.png in Resources */ = {isa = PBXBuildFile; fileRef = 33DA0C531731E74D008C2004 /* slider-knob-h.png */; };
		33DA0CC61731E74D008C2004 /* slider-knob-h@2x.png in Resources */ = {isa = PBXBuildFile; fileRef = 33DA0C541731E74D008C2004 /* slider-knob-h@2x.png */; };
		33DA0CC71731E74D008C2004 /* slider-knob.png in Resources */ = {isa = PBXBuildFile; fileRef = 33DA0C551731E74D008C2004 /* slider-knob.png */; };
		33DA0CC81731E74D008C2004 /* slider-knob@2x.png in Resources */ = {isa = PBXBuildFile; fileRef = 33DA0C561731E74D008C2004 /* slider-knob@2x.png */; };
		33DA0CC91731E74D008C2004 /* song-Template.png in Resources */ = {isa = PBXBuildFile; fileRef = 33DA0C571731E74D008C2004 /* song-Template.png */; };
		33DA0CCA1731E74D008C2004 /* song-Template@2x.png in Resources */ = {isa = PBXBuildFile; fileRef = 33DA0C581731E74D008C2004 /* song-Template@2x.png */; };
		33DA0CCB1731E74D008C2004 /* sort-new-Template.png in Resources */ = {isa = PBXBuildFile; fileRef = 33DA0C591731E74D008C2004 /* sort-new-Template.png */; };
		33DA0CCC1731E74D008C2004 /* sort-new-Template@2x.png in Resources */ = {isa = PBXBuildFile; fileRef = 33DA0C5A1731E74D008C2004 /* sort-new-Template@2x.png */; };
		33DA0CCD1731E74D008C2004 /* sync.png in Resources */ = {isa = PBXBuildFile; fileRef = 33DA0C5B1731E74D008C2004 /* sync.png */; };
		33DA0CCE1731E74D008C2004 /* sync@2x.png in Resources */ = {isa = PBXBuildFile; fileRef = 33DA0C5C1731E74D008C2004 /* sync@2x.png */; };
		33DA0CCF1731E74D008C2004 /* volume.png in Resources */ = {isa = PBXBuildFile; fileRef = 33DA0C5D1731E74D008C2004 /* volume.png */; };
		33DA0CD01731E74D008C2004 /* volume@2x.png in Resources */ = {isa = PBXBuildFile; fileRef = 33DA0C5E1731E74D008C2004 /* volume@2x.png */; };
		33DA0CD11731E74D008C2004 /* AUInfoRound.tiff in Resources */ = {isa = PBXBuildFile; fileRef = 33DA0C5F1731E74D008C2004 /* AUInfoRound.tiff */; };
		33DA0CD21731E74D008C2004 /* AUInfoRoundDown.tiff in Resources */ = {isa = PBXBuildFile; fileRef = 33DA0C601731E74D008C2004 /* AUInfoRoundDown.tiff */; };
		33DA0CD51731E994008C2004 /* AUSpotifyLoginPanel.xib in Resources */ = {isa = PBXBuildFile; fileRef = 33DA0CD41731E994008C2004 /* AUSpotifyLoginPanel.xib */; };
		33DA0CD81731E9A6008C2004 /* AUSpotifyLoginPanelController.m in Sources */ = {isa = PBXBuildFile; fileRef = 33DA0CD71731E9A6008C2004 /* AUSpotifyLoginPanelController.m */; };
/* End PBXBuildFile section */

/* Begin PBXContainerItemProxy section */
		332E61FA1731DACE008C8025 /* PBXContainerItemProxy */ = {
			isa = PBXContainerItemProxy;
			containerPortal = 332E61F51731DACD008C8025 /* CocoaLibSpotify Mac Framework.xcodeproj */;
			proxyType = 2;
			remoteGlobalIDString = 503D630F13258041007772CA;
			remoteInfo = CocoaLibSpotify;
		};
		332E61FC1731DACE008C8025 /* PBXContainerItemProxy */ = {
			isa = PBXContainerItemProxy;
			containerPortal = 332E61F51731DACD008C8025 /* CocoaLibSpotify Mac Framework.xcodeproj */;
			proxyType = 2;
			remoteGlobalIDString = 504E4934155AA85400E1C0F7;
			remoteInfo = CocoaLSTests;
		};
		332E61FE1731DAD4008C8025 /* PBXContainerItemProxy */ = {
			isa = PBXContainerItemProxy;
			containerPortal = 332E61F51731DACD008C8025 /* CocoaLibSpotify Mac Framework.xcodeproj */;
			proxyType = 1;
			remoteGlobalIDString = 503D630E13258041007772CA;
			remoteInfo = CocoaLibSpotify;
		};
/* End PBXContainerItemProxy section */

/* Begin PBXFileReference section */
		330603691740A56E00D7BD91 /* AULinkedScrollView.h */ = {isa = PBXFileReference; fileEncoding = 4; lastKnownFileType = sourcecode.c.h; path = AULinkedScrollView.h; sourceTree = "<group>"; };
		3306036A1740A56E00D7BD91 /* AULinkedScrollView.m */ = {isa = PBXFileReference; fileEncoding = 4; lastKnownFileType = sourcecode.c.objc; path = AULinkedScrollView.m; sourceTree = "<group>"; };
		330603971741FDDE00D7BD91 /* AUTimelineChannel.h */ = {isa = PBXFileReference; fileEncoding = 4; lastKnownFileType = sourcecode.c.h; path = AUTimelineChannel.h; sourceTree = "<group>"; };
		330603981741FDDE00D7BD91 /* AUTimelineChannel.m */ = {isa = PBXFileReference; fileEncoding = 4; lastKnownFileType = sourcecode.c.objc; path = AUTimelineChannel.m; sourceTree = "<group>"; };
		332E61CA1731D964008C8025 /* Aurora.app */ = {isa = PBXFileReference; explicitFileType = wrapper.application; includeInIndex = 0; path = Aurora.app; sourceTree = BUILT_PRODUCTS_DIR; };
		332E61CD1731D964008C8025 /* Cocoa.framework */ = {isa = PBXFileReference; lastKnownFileType = wrapper.framework; name = Cocoa.framework; path = System/Library/Frameworks/Cocoa.framework; sourceTree = SDKROOT; };
		332E61D01731D964008C8025 /* AppKit.framework */ = {isa = PBXFileReference; lastKnownFileType = wrapper.framework; name = AppKit.framework; path = System/Library/Frameworks/AppKit.framework; sourceTree = SDKROOT; };
		332E61D11731D964008C8025 /* CoreData.framework */ = {isa = PBXFileReference; lastKnownFileType = wrapper.framework; name = CoreData.framework; path = System/Library/Frameworks/CoreData.framework; sourceTree = SDKROOT; };
		332E61D21731D964008C8025 /* Foundation.framework */ = {isa = PBXFileReference; lastKnownFileType = wrapper.framework; name = Foundation.framework; path = System/Library/Frameworks/Foundation.framework; sourceTree = SDKROOT; };
		332E61D51731D964008C8025 /* Aurora-Info.plist */ = {isa = PBXFileReference; lastKnownFileType = text.plist.xml; path = "Aurora-Info.plist"; sourceTree = "<group>"; };
		332E61D71731D964008C8025 /* en */ = {isa = PBXFileReference; lastKnownFileType = text.plist.strings; name = en; path = en.lproj/InfoPlist.strings; sourceTree = "<group>"; };
		332E61D91731D964008C8025 /* main.m */ = {isa = PBXFileReference; lastKnownFileType = sourcecode.c.objc; path = main.m; sourceTree = "<group>"; };
		332E61DB1731D964008C8025 /* Aurora-Prefix.pch */ = {isa = PBXFileReference; lastKnownFileType = sourcecode.c.h; path = "Aurora-Prefix.pch"; sourceTree = "<group>"; };
		332E61DD1731D964008C8025 /* en */ = {isa = PBXFileReference; lastKnownFileType = text.rtf; name = en; path = en.lproj/Credits.rtf; sourceTree = "<group>"; };
		332E61DF1731D964008C8025 /* AUAppDelegate.h */ = {isa = PBXFileReference; lastKnownFileType = sourcecode.c.h; path = AUAppDelegate.h; sourceTree = "<group>"; };
		332E61E01731D964008C8025 /* AUAppDelegate.m */ = {isa = PBXFileReference; lastKnownFileType = sourcecode.c.objc; path = AUAppDelegate.m; sourceTree = "<group>"; };
		332E61E31731D964008C8025 /* en */ = {isa = PBXFileReference; lastKnownFileType = file.xib; name = en; path = en.lproj/MainMenu.xib; sourceTree = "<group>"; };
		332E61F51731DACD008C8025 /* CocoaLibSpotify Mac Framework.xcodeproj */ = {isa = PBXFileReference; lastKnownFileType = "wrapper.pb-project"; name = "CocoaLibSpotify Mac Framework.xcodeproj"; path = "submodule/cocoalibspotify/Mac Framework/CocoaLibSpotify Mac Framework.xcodeproj"; sourceTree = "<group>"; };
		332E62011731DB2C008C8025 /* appkey.h */ = {isa = PBXFileReference; fileEncoding = 4; lastKnownFileType = sourcecode.c.h; path = appkey.h; sourceTree = "<group>"; };
		3349D2201735DB8600648144 /* AUView.h */ = {isa = PBXFileReference; fileEncoding = 4; lastKnownFileType = sourcecode.c.h; name = AUView.h; path = Aurora/AUView.h; sourceTree = "<group>"; };
		3349D2211735DB8600648144 /* AUView.m */ = {isa = PBXFileReference; fileEncoding = 4; lastKnownFileType = sourcecode.c.objc; name = AUView.m; path = Aurora/AUView.m; sourceTree = "<group>"; };
		3349D2231735DD6200648144 /* AULightIndexTransformer.h */ = {isa = PBXFileReference; fileEncoding = 4; lastKnownFileType = sourcecode.c.h; path = AULightIndexTransformer.h; sourceTree = "<group>"; };
		3349D2241735DD6300648144 /* AULightIndexTransformer.m */ = {isa = PBXFileReference; fileEncoding = 4; lastKnownFileType = sourcecode.c.objc; path = AULightIndexTransformer.m; sourceTree = "<group>"; };
		3349D2271735EAF400648144 /* AUSongTimeline.h */ = {isa = PBXFileReference; fileEncoding = 4; lastKnownFileType = sourcecode.c.h; path = AUSongTimeline.h; sourceTree = "<group>"; };
		3349D2281735EAF500648144 /* AUSongTimeline.m */ = {isa = PBXFileReference; fileEncoding = 4; lastKnownFileType = sourcecode.c.objc; path = AUSongTimeline.m; sourceTree = "<group>"; };
		3349D22A1735EE5F00648144 /* AUPlaybackCoordinator.h */ = {isa = PBXFileReference; fileEncoding = 4; lastKnownFileType = sourcecode.c.h; path = AUPlaybackCoordinator.h; sourceTree = "<group>"; };
		3349D22B1735EE6A00648144 /* AUPlaybackCoordinator.m */ = {isa = PBXFileReference; fileEncoding = 4; lastKnownFileType = sourcecode.c.objc; path = AUPlaybackCoordinator.m; sourceTree = "<group>"; };
		3349D22D1735F56900648144 /* AUArrayTransformer.h */ = {isa = PBXFileReference; fileEncoding = 4; lastKnownFileType = sourcecode.c.h; path = AUArrayTransformer.h; sourceTree = "<group>"; };
		3349D22E1735F57300648144 /* AUArrayTransformer.m */ = {isa = PBXFileReference; fileEncoding = 4; lastKnownFileType = sourcecode.c.objc; path = AUArrayTransformer.m; sourceTree = "<group>"; };
		336BE0F8173321580069C92C /* AUColorPulse.h */ = {isa = PBXFileReference; fileEncoding = 4; lastKnownFileType = sourcecode.c.h; path = AUColorPulse.h; sourceTree = "<group>"; };
		336BE0F9173321580069C92C /* AUColorPulse.m */ = {isa = PBXFileReference; fileEncoding = 4; lastKnownFileType = sourcecode.c.objc; path = AUColorPulse.m; sourceTree = "<group>"; };
		336BE0FA173321580069C92C /* AUEffect.h */ = {isa = PBXFileReference; fileEncoding = 4; lastKnownFileType = sourcecode.c.h; path = AUEffect.h; sourceTree = "<group>"; };
		336BE0FB173321580069C92C /* AUEffect.m */ = {isa = PBXFileReference; fileEncoding = 4; lastKnownFileType = sourcecode.c.objc; path = AUEffect.m; sourceTree = "<group>"; };
		336BE0FC173321580069C92C /* AUEffectCollectionViewItem.h */ = {isa = PBXFileReference; fileEncoding = 4; lastKnownFileType = sourcecode.c.h; path = AUEffectCollectionViewItem.h; sourceTree = "<group>"; };
		336BE0FD173321580069C92C /* AUEffectCollectionViewItem.m */ = {isa = PBXFileReference; fileEncoding = 4; lastKnownFileType = sourcecode.c.objc; path = AUEffectCollectionViewItem.m; sourceTree = "<group>"; };
		336BE0FE173321580069C92C /* AUEffectCollectionViewItem.xib */ = {isa = PBXFileReference; fileEncoding = 4; lastKnownFileType = file.xib; path = AUEffectCollectionViewItem.xib; sourceTree = "<group>"; };
		336BE0FF173321580069C92C /* AUEffectEditView.xib */ = {isa = PBXFileReference; fileEncoding = 4; lastKnownFileType = file.xib; path = AUEffectEditView.xib; sourceTree = "<group>"; };
		336BE102173321580069C92C /* AUEffectTestView.xib */ = {isa = PBXFileReference; fileEncoding = 4; lastKnownFileType = file.xib; path = AUEffectTestView.xib; sourceTree = "<group>"; };
		336BE103173321580069C92C /* AUEffectTestViewController.h */ = {isa = PBXFileReference; fileEncoding = 4; lastKnownFileType = sourcecode.c.h; path = AUEffectTestViewController.h; sourceTree = "<group>"; };
		336BE104173321580069C92C /* AUEffectTestViewController.m */ = {isa = PBXFileReference; fileEncoding = 4; lastKnownFileType = sourcecode.c.objc; path = AUEffectTestViewController.m; sourceTree = "<group>"; };
		336BE105173321580069C92C /* AUEffectViewController.h */ = {isa = PBXFileReference; fileEncoding = 4; lastKnownFileType = sourcecode.c.h; path = AUEffectViewController.h; sourceTree = "<group>"; };
		336BE106173321580069C92C /* AUEffectViewController.m */ = {isa = PBXFileReference; fileEncoding = 4; lastKnownFileType = sourcecode.c.objc; path = AUEffectViewController.m; sourceTree = "<group>"; };
		336BE107173321580069C92C /* AUHueLight.icns */ = {isa = PBXFileReference; lastKnownFileType = image.icns; path = AUHueLight.icns; sourceTree = "<group>"; };
		336BE108173321580069C92C /* AULightColorView.h */ = {isa = PBXFileReference; fileEncoding = 4; lastKnownFileType = sourcecode.c.h; path = AULightColorView.h; sourceTree = "<group>"; };
		336BE109173321580069C92C /* AULightColorView.m */ = {isa = PBXFileReference; fileEncoding = 4; lastKnownFileType = sourcecode.c.objc; path = AULightColorView.m; sourceTree = "<group>"; };
		336BE11A173323CA0069C92C /* AUSongEditorView.xib */ = {isa = PBXFileReference; fileEncoding = 4; lastKnownFileType = file.xib; path = AUSongEditorView.xib; sourceTree = "<group>"; };
		336BE11B173323CA0069C92C /* AUSongEditorViewController.h */ = {isa = PBXFileReference; fileEncoding = 4; lastKnownFileType = sourcecode.c.h; path = AUSongEditorViewController.h; sourceTree = "<group>"; };
		336BE11C173323CA0069C92C /* AUSongEditorViewController.m */ = {isa = PBXFileReference; fileEncoding = 4; lastKnownFileType = sourcecode.c.objc; path = AUSongEditorViewController.m; sourceTree = "<group>"; };
		336BE120173324320069C92C /* AUScheduleClock.icns */ = {isa = PBXFileReference; lastKnownFileType = image.icns; path = AUScheduleClock.icns; sourceTree = "<group>"; };
		336BE121173324330069C92C /* AUSnapshot.icns */ = {isa = PBXFileReference; lastKnownFileType = image.icns; path = AUSnapshot.icns; sourceTree = "<group>"; };
		336BE122173324330069C92C /* AUSpectrumChart.jpg */ = {isa = PBXFileReference; lastKnownFileType = image.jpeg; path = AUSpectrumChart.jpg; sourceTree = "<group>"; };
		336BE1261733244E0069C92C /* AUStrobe.h */ = {isa = PBXFileReference; fileEncoding = 4; lastKnownFileType = sourcecode.c.h; path = AUStrobe.h; sourceTree = "<group>"; };
		336BE1271733244E0069C92C /* AUStrobe.m */ = {isa = PBXFileReference; fileEncoding = 4; lastKnownFileType = sourcecode.c.objc; path = AUStrobe.m; sourceTree = "<group>"; };
		336BE1281733244E0069C92C /* AUSuccess.icns */ = {isa = PBXFileReference; lastKnownFileType = image.icns; path = AUSuccess.icns; sourceTree = "<group>"; };
		336BE12C173324BB0069C92C /* AULightTableCellView.h */ = {isa = PBXFileReference; fileEncoding = 4; lastKnownFileType = sourcecode.c.h; path = AULightTableCellView.h; sourceTree = "<group>"; };
		336BE12D173324BB0069C92C /* AULightTableCellView.m */ = {isa = PBXFileReference; fileEncoding = 4; lastKnownFileType = sourcecode.c.objc; path = AULightTableCellView.m; sourceTree = "<group>"; };
		336FBD5B1735C2F9008A8C01 /* AUEditorCellView.h */ = {isa = PBXFileReference; fileEncoding = 4; lastKnownFileType = sourcecode.c.h; path = AUEditorCellView.h; sourceTree = "<group>"; };
		336FBD5C1735C2F9008A8C01 /* AUEditorCellView.m */ = {isa = PBXFileReference; fileEncoding = 4; lastKnownFileType = sourcecode.c.objc; path = AUEditorCellView.m; sourceTree = "<group>"; };
		336FBD5F1735C311008A8C01 /* AULightCellView.h */ = {isa = PBXFileReference; fileEncoding = 4; lastKnownFileType = sourcecode.c.h; path = AULightCellView.h; sourceTree = "<group>"; };
		336FBD601735C311008A8C01 /* AULightCellView.m */ = {isa = PBXFileReference; fileEncoding = 4; lastKnownFileType = sourcecode.c.objc; path = AULightCellView.m; sourceTree = "<group>"; };
		339DD8F01731F7D200E30409 /* BFNavigationController.h */ = {isa = PBXFileReference; fileEncoding = 4; lastKnownFileType = sourcecode.c.h; path = BFNavigationController.h; sourceTree = "<group>"; };
		339DD8F11731F7D200E30409 /* BFNavigationController.m */ = {isa = PBXFileReference; fileEncoding = 4; lastKnownFileType = sourcecode.c.objc; path = BFNavigationController.m; sourceTree = "<group>"; };
		339DD8F21731F7D200E30409 /* BFViewController.h */ = {isa = PBXFileReference; fileEncoding = 4; lastKnownFileType = sourcecode.c.h; path = BFViewController.h; sourceTree = "<group>"; };
		339DD8F61731F82200E30409 /* NSView+BFUtilities.h */ = {isa = PBXFileReference; fileEncoding = 4; lastKnownFileType = sourcecode.c.h; path = "NSView+BFUtilities.h"; sourceTree = "<group>"; };
		339DD8F71731F82200E30409 /* NSView+BFUtilities.m */ = {isa = PBXFileReference; fileEncoding = 4; lastKnownFileType = sourcecode.c.objc; path = "NSView+BFUtilities.m"; sourceTree = "<group>"; };
		339DD8F91731FA5B00E30409 /* AUSpotifyView.xib */ = {isa = PBXFileReference; fileEncoding = 4; lastKnownFileType = file.xib; path = AUSpotifyView.xib; sourceTree = "<group>"; };
		339DD8FA1731FA5B00E30409 /* AUSpotifyViewController.h */ = {isa = PBXFileReference; fileEncoding = 4; lastKnownFileType = sourcecode.c.h; path = AUSpotifyViewController.h; sourceTree = "<group>"; };
		339DD8FB1731FA5B00E30409 /* AUSpotifyViewController.m */ = {isa = PBXFileReference; fileEncoding = 4; lastKnownFileType = sourcecode.c.objc; path = AUSpotifyViewController.m; sourceTree = "<group>"; };
		33B1411C17420599007CC2E4 /* AUPlay.png */ = {isa = PBXFileReference; lastKnownFileType = image.png; path = AUPlay.png; sourceTree = "<group>"; };
		33B1411E174206E5007CC2E4 /* AUPause.png */ = {isa = PBXFileReference; lastKnownFileType = image.png; path = AUPause.png; sourceTree = "<group>"; };
		33B14120174208BA007CC2E4 /* AULastSong.png */ = {isa = PBXFileReference; lastKnownFileType = image.png; path = AULastSong.png; sourceTree = "<group>"; };
		33B14122174208C7007CC2E4 /* AUNextSong.png */ = {isa = PBXFileReference; lastKnownFileType = image.png; path = AUNextSong.png; sourceTree = "<group>"; };
		33CC934F1735C36800F67A99 /* AUTimelineView.h */ = {isa = PBXFileReference; fileEncoding = 4; lastKnownFileType = sourcecode.c.h; path = AUTimelineView.h; sourceTree = "<group>"; };
		33CC93501735C36800F67A99 /* AUTimelineView.m */ = {isa = PBXFileReference; fileEncoding = 4; lastKnownFileType = sourcecode.c.objc; path = AUTimelineView.m; sourceTree = "<group>"; };
		33CC93561735CEAF00F67A99 /* NSView+AUAdditions.h */ = {isa = PBXFileReference; fileEncoding = 4; lastKnownFileType = sourcecode.c.h; name = "NSView+AUAdditions.h"; path = "Aurora/NSView+AUAdditions.h"; sourceTree = "<group>"; };
		33CC93571735CEAF00F67A99 /* NSView+AUAdditions.m */ = {isa = PBXFileReference; fileEncoding = 4; lastKnownFileType = sourcecode.c.objc; name = "NSView+AUAdditions.m"; path = "Aurora/NSView+AUAdditions.m"; sourceTree = "<group>"; };
		33CC93591735D75100F67A99 /* AUScrollView.h */ = {isa = PBXFileReference; fileEncoding = 4; lastKnownFileType = sourcecode.c.h; name = AUScrollView.h; path = Aurora/AUScrollView.h; sourceTree = "<group>"; };
		33CC935A1735D75100F67A99 /* AUScrollView.m */ = {isa = PBXFileReference; fileEncoding = 4; lastKnownFileType = sourcecode.c.objc; name = AUScrollView.m; path = Aurora/AUScrollView.m; sourceTree = "<group>"; };
		33DA0BEF1731E74D008C2004 /* AULineQuadTemplate.pdf */ = {isa = PBXFileReference; lastKnownFileType = image.pdf; path = AULineQuadTemplate.pdf; sourceTree = "<group>"; };
		33DA0BF01731E74D008C2004 /* AULineTripleTemplate.pdf */ = {isa = PBXFileReference; lastKnownFileType = image.pdf; path = AULineTripleTemplate.pdf; sourceTree = "<group>"; };
		33DA0BF41731E74D008C2004 /* AUResume.pdf */ = {isa = PBXFileReference; lastKnownFileType = image.pdf; path = AUResume.pdf; sourceTree = "<group>"; };
		33DA0BF51731E74D008C2004 /* AUShelfArrowDown.pdf */ = {isa = PBXFileReference; lastKnownFileType = image.pdf; path = AUShelfArrowDown.pdf; sourceTree = "<group>"; };
		33DA0BF61731E74D008C2004 /* AUShelfArrowUp.pdf */ = {isa = PBXFileReference; lastKnownFileType = image.pdf; path = AUShelfArrowUp.pdf; sourceTree = "<group>"; };
		33DA0BF71731E74D008C2004 /* AUShelfArrowUpSelected.pdf */ = {isa = PBXFileReference; lastKnownFileType = image.pdf; path = AUShelfArrowUpSelected.pdf; sourceTree = "<group>"; };
		33DA0BF81731E74D008C2004 /* album-Template.png */ = {isa = PBXFileReference; lastKnownFileType = image.png; path = "album-Template.png"; sourceTree = "<group>"; };
		33DA0BF91731E74D008C2004 /* album-Template@2x.png */ = {isa = PBXFileReference; lastKnownFileType = image.png; path = "album-Template@2x.png"; sourceTree = "<group>"; };
		33DA0BFA1731E74D008C2004 /* artist-Template.png */ = {isa = PBXFileReference; lastKnownFileType = image.png; path = "artist-Template.png"; sourceTree = "<group>"; };
		33DA0BFB1731E74D008C2004 /* artist-Template@2x.png */ = {isa = PBXFileReference; lastKnownFileType = image.png; path = "artist-Template@2x.png"; sourceTree = "<group>"; };
		33DA0BFC1731E74D008C2004 /* AUAddWithArrowTemplate.png */ = {isa = PBXFileReference; lastKnownFileType = image.png; path = AUAddWithArrowTemplate.png; sourceTree = "<group>"; };
		33DA0BFD1731E74D008C2004 /* AUAddWithArrowTemplate@2x.png */ = {isa = PBXFileReference; lastKnownFileType = image.png; path = "AUAddWithArrowTemplate@2x.png"; sourceTree = "<group>"; };
		33DA0BFE1731E74D008C2004 /* AUBlueStatusBead.png */ = {isa = PBXFileReference; lastKnownFileType = image.png; path = AUBlueStatusBead.png; sourceTree = "<group>"; };
		33DA0BFF1731E74D008C2004 /* AUBlueStatusBead@2x.png */ = {isa = PBXFileReference; lastKnownFileType = image.png; path = "AUBlueStatusBead@2x.png"; sourceTree = "<group>"; };
		33DA0C001731E74D008C2004 /* AUDisclosureTriangleDiagonal.png */ = {isa = PBXFileReference; lastKnownFileType = image.png; path = AUDisclosureTriangleDiagonal.png; sourceTree = "<group>"; };
		33DA0C011731E74D008C2004 /* AUDisclosureTriangleDiagonal@2x.png */ = {isa = PBXFileReference; lastKnownFileType = image.png; path = "AUDisclosureTriangleDiagonal@2x.png"; sourceTree = "<group>"; };
		33DA0C021731E74D008C2004 /* AUDisclosureTriangleDown.png */ = {isa = PBXFileReference; lastKnownFileType = image.png; path = AUDisclosureTriangleDown.png; sourceTree = "<group>"; };
		33DA0C031731E74D008C2004 /* AUDisclosureTriangleDown@2x.png */ = {isa = PBXFileReference; lastKnownFileType = image.png; path = "AUDisclosureTriangleDown@2x.png"; sourceTree = "<group>"; };
		33DA0C041731E74D008C2004 /* AUDisclosureTriangleDownPressed.png */ = {isa = PBXFileReference; lastKnownFileType = image.png; path = AUDisclosureTriangleDownPressed.png; sourceTree = "<group>"; };
		33DA0C051731E74D008C2004 /* AUDisclosureTriangleDownPressed@2x.png */ = {isa = PBXFileReference; lastKnownFileType = image.png; path = "AUDisclosureTriangleDownPressed@2x.png"; sourceTree = "<group>"; };
		33DA0C061731E74D008C2004 /* AUDisclosureTriangleRight.png */ = {isa = PBXFileReference; lastKnownFileType = image.png; path = AUDisclosureTriangleRight.png; sourceTree = "<group>"; };
		33DA0C071731E74D008C2004 /* AUDisclosureTriangleRight@2x.png */ = {isa = PBXFileReference; lastKnownFileType = image.png; path = "AUDisclosureTriangleRight@2x.png"; sourceTree = "<group>"; };
		33DA0C081731E74D008C2004 /* AUDisclosureTriangleRightPressed.png */ = {isa = PBXFileReference; lastKnownFileType = image.png; path = AUDisclosureTriangleRightPressed.png; sourceTree = "<group>"; };
		33DA0C091731E74D008C2004 /* AUDisclosureTriangleRightPressed@2x.png */ = {isa = PBXFileReference; lastKnownFileType = image.png; path = "AUDisclosureTriangleRightPressed@2x.png"; sourceTree = "<group>"; };
		33DA0C0A1731E74D008C2004 /* AUGrayStatusBead.png */ = {isa = PBXFileReference; lastKnownFileType = image.png; path = AUGrayStatusBead.png; sourceTree = "<group>"; };
		33DA0C0B1731E74D008C2004 /* AUGrayStatusBead@2x.png */ = {isa = PBXFileReference; lastKnownFileType = image.png; path = "AUGrayStatusBead@2x.png"; sourceTree = "<group>"; };
		33DA0C0C1731E74D008C2004 /* AUGreenCircleShape.png */ = {isa = PBXFileReference; lastKnownFileType = image.png; path = AUGreenCircleShape.png; sourceTree = "<group>"; };
		33DA0C0D1731E74D008C2004 /* AULighterGreenStatusBead.png */ = {isa = PBXFileReference; lastKnownFileType = image.png; path = AULighterGreenStatusBead.png; sourceTree = "<group>"; };
		33DA0C0E1731E74D008C2004 /* AULighterGreenStatusBead@2x.png */ = {isa = PBXFileReference; lastKnownFileType = image.png; path = "AULighterGreenStatusBead@2x.png"; sourceTree = "<group>"; };
		33DA0C0F1731E74D008C2004 /* AULightGreenStatusBead.png */ = {isa = PBXFileReference; lastKnownFileType = image.png; path = AULightGreenStatusBead.png; sourceTree = "<group>"; };
		33DA0C101731E74D008C2004 /* AULightGreenStatusBead@2x.png */ = {isa = PBXFileReference; lastKnownFileType = image.png; path = "AULightGreenStatusBead@2x.png"; sourceTree = "<group>"; };
		33DA0C111731E74D008C2004 /* AULinenDark.png */ = {isa = PBXFileReference; lastKnownFileType = image.png; path = AULinenDark.png; sourceTree = "<group>"; };
		33DA0C121731E74D008C2004 /* AULinenDark@2x.png */ = {isa = PBXFileReference; lastKnownFileType = image.png; path = "AULinenDark@2x.png"; sourceTree = "<group>"; };
		33DA0C131731E74D008C2004 /* AULinenLight.png */ = {isa = PBXFileReference; lastKnownFileType = image.png; path = AULinenLight.png; sourceTree = "<group>"; };
		33DA0C141731E74D008C2004 /* AULinenLight@2x.png */ = {isa = PBXFileReference; lastKnownFileType = image.png; path = "AULinenLight@2x.png"; sourceTree = "<group>"; };
		33DA0C151731E74D008C2004 /* AUNewRecord.png */ = {isa = PBXFileReference; lastKnownFileType = image.png; path = AUNewRecord.png; sourceTree = "<group>"; };
		33DA0C161731E74D008C2004 /* AUNewRecord@2x.png */ = {isa = PBXFileReference; lastKnownFileType = image.png; path = "AUNewRecord@2x.png"; sourceTree = "<group>"; };
		33DA0C171731E74D008C2004 /* AUSplitterHandle.png */ = {isa = PBXFileReference; lastKnownFileType = image.png; path = AUSplitterHandle.png; sourceTree = "<group>"; };
		33DA0C181731E74D008C2004 /* AUSplitterHandle@2x.png */ = {isa = PBXFileReference; lastKnownFileType = image.png; path = "AUSplitterHandle@2x.png"; sourceTree = "<group>"; };
		33DA0C191731E74D008C2004 /* clear-icon.png */ = {isa = PBXFileReference; lastKnownFileType = image.png; path = "clear-icon.png"; sourceTree = "<group>"; };
		33DA0C1A1731E74D008C2004 /* clear-icon@2x.png */ = {isa = PBXFileReference; lastKnownFileType = image.png; path = "clear-icon@2x.png"; sourceTree = "<group>"; };
		33DA0C1B1731E74D008C2004 /* crosshatch-bg-inactive.png */ = {isa = PBXFileReference; lastKnownFileType = image.png; path = "crosshatch-bg-inactive.png"; sourceTree = "<group>"; };
		33DA0C1C1731E74D008C2004 /* crosshatch-bg-inactive@2x.png */ = {isa = PBXFileReference; lastKnownFileType = image.png; path = "crosshatch-bg-inactive@2x.png"; sourceTree = "<group>"; };
		33DA0C1D1731E74D008C2004 /* crosshatch-bg.png */ = {isa = PBXFileReference; lastKnownFileType = image.png; path = "crosshatch-bg.png"; sourceTree = "<group>"; };
		33DA0C1E1731E74D008C2004 /* crosshatch-bg@2x.png */ = {isa = PBXFileReference; lastKnownFileType = image.png; path = "crosshatch-bg@2x.png"; sourceTree = "<group>"; };
		33DA0C1F1731E74D008C2004 /* dotted-border.png */ = {isa = PBXFileReference; lastKnownFileType = image.png; path = "dotted-border.png"; sourceTree = "<group>"; };
		33DA0C201731E74D008C2004 /* dotted-border@2x.png */ = {isa = PBXFileReference; lastKnownFileType = image.png; path = "dotted-border@2x.png"; sourceTree = "<group>"; };
		33DA0C211731E74D008C2004 /* edit-mix.png */ = {isa = PBXFileReference; lastKnownFileType = image.png; path = "edit-mix.png"; sourceTree = "<group>"; };
		33DA0C221731E74D008C2004 /* edit-mix@2x.png */ = {isa = PBXFileReference; lastKnownFileType = image.png; path = "edit-mix@2x.png"; sourceTree = "<group>"; };
		33DA0C231731E74D008C2004 /* editing-cancel.png */ = {isa = PBXFileReference; lastKnownFileType = image.png; path = "editing-cancel.png"; sourceTree = "<group>"; };
		33DA0C241731E74D008C2004 /* editing-cancel@2x.png */ = {isa = PBXFileReference; lastKnownFileType = image.png; path = "editing-cancel@2x.png"; sourceTree = "<group>"; };
		33DA0C251731E74D008C2004 /* editing-done.png */ = {isa = PBXFileReference; lastKnownFileType = image.png; path = "editing-done.png"; sourceTree = "<group>"; };
		33DA0C261731E74D008C2004 /* editing-done@2x.png */ = {isa = PBXFileReference; lastKnownFileType = image.png; path = "editing-done@2x.png"; sourceTree = "<group>"; };
		33DA0C271731E74D008C2004 /* eq-reset.png */ = {isa = PBXFileReference; lastKnownFileType = image.png; path = "eq-reset.png"; sourceTree = "<group>"; };
		33DA0C281731E74D008C2004 /* eq-reset@2x.png */ = {isa = PBXFileReference; lastKnownFileType = image.png; path = "eq-reset@2x.png"; sourceTree = "<group>"; };
		33DA0C291731E74D008C2004 /* general.png */ = {isa = PBXFileReference; lastKnownFileType = image.png; path = general.png; sourceTree = "<group>"; };
		33DA0C2A1731E74D008C2004 /* general@2x.png */ = {isa = PBXFileReference; lastKnownFileType = image.png; path = "general@2x.png"; sourceTree = "<group>"; };
		33DA0C2B1731E74D008C2004 /* nav-Template.png */ = {isa = PBXFileReference; lastKnownFileType = image.png; path = "nav-Template.png"; sourceTree = "<group>"; };
		33DA0C2C1731E74D008C2004 /* nav-Template@2x.png */ = {isa = PBXFileReference; lastKnownFileType = image.png; path = "nav-Template@2x.png"; sourceTree = "<group>"; };
		33DA0C2D1731E74D008C2004 /* pause-button.png */ = {isa = PBXFileReference; lastKnownFileType = image.png; path = "pause-button.png"; sourceTree = "<group>"; };
		33DA0C2E1731E74D008C2004 /* pause-button@2x.png */ = {isa = PBXFileReference; lastKnownFileType = image.png; path = "pause-button@2x.png"; sourceTree = "<group>"; };
		33DA0C2F1731E74D008C2004 /* play-button.png */ = {isa = PBXFileReference; lastKnownFileType = image.png; path = "play-button.png"; sourceTree = "<group>"; };
		33DA0C301731E74D008C2004 /* play-button@2x.png */ = {isa = PBXFileReference; lastKnownFileType = image.png; path = "play-button@2x.png"; sourceTree = "<group>"; };
		33DA0C311731E74D008C2004 /* plus-h-Template.png */ = {isa = PBXFileReference; lastKnownFileType = image.png; path = "plus-h-Template.png"; sourceTree = "<group>"; };
		33DA0C321731E74D008C2004 /* plus-h-Template@2x.png */ = {isa = PBXFileReference; lastKnownFileType = image.png; path = "plus-h-Template@2x.png"; sourceTree = "<group>"; };
		33DA0C331731E74D008C2004 /* plus-Template.png */ = {isa = PBXFileReference; lastKnownFileType = image.png; path = "plus-Template.png"; sourceTree = "<group>"; };
		33DA0C341731E74D008C2004 /* plus-Template@2x.png */ = {isa = PBXFileReference; lastKnownFileType = image.png; path = "plus-Template@2x.png"; sourceTree = "<group>"; };
		33DA0C351731E74D008C2004 /* queue-return-left.png */ = {isa = PBXFileReference; lastKnownFileType = image.png; path = "queue-return-left.png"; sourceTree = "<group>"; };
		33DA0C361731E74D008C2004 /* queue-return-left@2x.png */ = {isa = PBXFileReference; lastKnownFileType = image.png; path = "queue-return-left@2x.png"; sourceTree = "<group>"; };
		33DA0C371731E74D008C2004 /* queue-return-right.png */ = {isa = PBXFileReference; lastKnownFileType = image.png; path = "queue-return-right.png"; sourceTree = "<group>"; };
		33DA0C381731E74D008C2004 /* queue-return-right@2x.png */ = {isa = PBXFileReference; lastKnownFileType = image.png; path = "queue-return-right@2x.png"; sourceTree = "<group>"; };
		33DA0C391731E74D008C2004 /* repeat-all.png */ = {isa = PBXFileReference; lastKnownFileType = image.png; path = "repeat-all.png"; sourceTree = "<group>"; };
		33DA0C3A1731E74D008C2004 /* repeat-all@2x.png */ = {isa = PBXFileReference; lastKnownFileType = image.png; path = "repeat-all@2x.png"; sourceTree = "<group>"; };
		33DA0C3B1731E74D008C2004 /* repeat-icon.png */ = {isa = PBXFileReference; lastKnownFileType = image.png; path = "repeat-icon.png"; sourceTree = "<group>"; };
		33DA0C3C1731E74D008C2004 /* repeat-icon@2x.png */ = {isa = PBXFileReference; lastKnownFileType = image.png; path = "repeat-icon@2x.png"; sourceTree = "<group>"; };
		33DA0C3D1731E74D008C2004 /* repeat-one.png */ = {isa = PBXFileReference; lastKnownFileType = image.png; path = "repeat-one.png"; sourceTree = "<group>"; };
		33DA0C3E1731E74D008C2004 /* repeat-one@2x.png */ = {isa = PBXFileReference; lastKnownFileType = image.png; path = "repeat-one@2x.png"; sourceTree = "<group>"; };
		33DA0C3F1731E74D008C2004 /* save-icon.png */ = {isa = PBXFileReference; lastKnownFileType = image.png; path = "save-icon.png"; sourceTree = "<group>"; };
		33DA0C401731E74D008C2004 /* save-icon@2x.png */ = {isa = PBXFileReference; lastKnownFileType = image.png; path = "save-icon@2x.png"; sourceTree = "<group>"; };
		33DA0C411731E74D008C2004 /* share-button.png */ = {isa = PBXFileReference; lastKnownFileType = image.png; path = "share-button.png"; sourceTree = "<group>"; };
		33DA0C421731E74D008C2004 /* share-button@2x.png */ = {isa = PBXFileReference; lastKnownFileType = image.png; path = "share-button@2x.png"; sourceTree = "<group>"; };
		33DA0C431731E74D008C2004 /* shuffle-active.png */ = {isa = PBXFileReference; lastKnownFileType = image.png; path = "shuffle-active.png"; sourceTree = "<group>"; };
		33DA0C441731E74D008C2004 /* shuffle-active@2x.png */ = {isa = PBXFileReference; lastKnownFileType = image.png; path = "shuffle-active@2x.png"; sourceTree = "<group>"; };
		33DA0C451731E74D008C2004 /* shuffle-icon.png */ = {isa = PBXFileReference; lastKnownFileType = image.png; path = "shuffle-icon.png"; sourceTree = "<group>"; };
		33DA0C461731E74D008C2004 /* shuffle-icon@2x.png */ = {isa = PBXFileReference; lastKnownFileType = image.png; path = "shuffle-icon@2x.png"; sourceTree = "<group>"; };
		33DA0C471731E74D008C2004 /* slider-empty-bottom.png */ = {isa = PBXFileReference; lastKnownFileType = image.png; path = "slider-empty-bottom.png"; sourceTree = "<group>"; };
		33DA0C481731E74D008C2004 /* slider-empty-bottom@2x.png */ = {isa = PBXFileReference; lastKnownFileType = image.png; path = "slider-empty-bottom@2x.png"; sourceTree = "<group>"; };
		33DA0C491731E74D008C2004 /* slider-empty-mid.png */ = {isa = PBXFileReference; lastKnownFileType = image.png; path = "slider-empty-mid.png"; sourceTree = "<group>"; };
		33DA0C4A1731E74D008C2004 /* slider-empty-mid@2x.png */ = {isa = PBXFileReference; lastKnownFileType = image.png; path = "slider-empty-mid@2x.png"; sourceTree = "<group>"; };
		33DA0C4B1731E74D008C2004 /* slider-empty-top.png */ = {isa = PBXFileReference; lastKnownFileType = image.png; path = "slider-empty-top.png"; sourceTree = "<group>"; };
		33DA0C4C1731E74D008C2004 /* slider-empty-top@2x.png */ = {isa = PBXFileReference; lastKnownFileType = image.png; path = "slider-empty-top@2x.png"; sourceTree = "<group>"; };
		33DA0C4D1731E74D008C2004 /* slider-filled-bottom.png */ = {isa = PBXFileReference; lastKnownFileType = image.png; path = "slider-filled-bottom.png"; sourceTree = "<group>"; };
		33DA0C4E1731E74D008C2004 /* slider-filled-bottom@2x.png */ = {isa = PBXFileReference; lastKnownFileType = image.png; path = "slider-filled-bottom@2x.png"; sourceTree = "<group>"; };
		33DA0C4F1731E74D008C2004 /* slider-filled-mid.png */ = {isa = PBXFileReference; lastKnownFileType = image.png; path = "slider-filled-mid.png"; sourceTree = "<group>"; };
		33DA0C501731E74D008C2004 /* slider-filled-mid@2x.png */ = {isa = PBXFileReference; lastKnownFileType = image.png; path = "slider-filled-mid@2x.png"; sourceTree = "<group>"; };
		33DA0C511731E74D008C2004 /* slider-filled-top.png */ = {isa = PBXFileReference; lastKnownFileType = image.png; path = "slider-filled-top.png"; sourceTree = "<group>"; };
		33DA0C521731E74D008C2004 /* slider-filled-top@2x.png */ = {isa = PBXFileReference; lastKnownFileType = image.png; path = "slider-filled-top@2x.png"; sourceTree = "<group>"; };
		33DA0C531731E74D008C2004 /* slider-knob-h.png */ = {isa = PBXFileReference; lastKnownFileType = image.png; path = "slider-knob-h.png"; sourceTree = "<group>"; };
		33DA0C541731E74D008C2004 /* slider-knob-h@2x.png */ = {isa = PBXFileReference; lastKnownFileType = image.png; path = "slider-knob-h@2x.png"; sourceTree = "<group>"; };
		33DA0C551731E74D008C2004 /* slider-knob.png */ = {isa = PBXFileReference; lastKnownFileType = image.png; path = "slider-knob.png"; sourceTree = "<group>"; };
		33DA0C561731E74D008C2004 /* slider-knob@2x.png */ = {isa = PBXFileReference; lastKnownFileType = image.png; path = "slider-knob@2x.png"; sourceTree = "<group>"; };
		33DA0C571731E74D008C2004 /* song-Template.png */ = {isa = PBXFileReference; lastKnownFileType = image.png; path = "song-Template.png"; sourceTree = "<group>"; };
		33DA0C581731E74D008C2004 /* song-Template@2x.png */ = {isa = PBXFileReference; lastKnownFileType = image.png; path = "song-Template@2x.png"; sourceTree = "<group>"; };
		33DA0C591731E74D008C2004 /* sort-new-Template.png */ = {isa = PBXFileReference; lastKnownFileType = image.png; path = "sort-new-Template.png"; sourceTree = "<group>"; };
		33DA0C5A1731E74D008C2004 /* sort-new-Template@2x.png */ = {isa = PBXFileReference; lastKnownFileType = image.png; path = "sort-new-Template@2x.png"; sourceTree = "<group>"; };
		33DA0C5B1731E74D008C2004 /* sync.png */ = {isa = PBXFileReference; lastKnownFileType = image.png; path = sync.png; sourceTree = "<group>"; };
		33DA0C5C1731E74D008C2004 /* sync@2x.png */ = {isa = PBXFileReference; lastKnownFileType = image.png; path = "sync@2x.png"; sourceTree = "<group>"; };
		33DA0C5D1731E74D008C2004 /* volume.png */ = {isa = PBXFileReference; lastKnownFileType = image.png; path = volume.png; sourceTree = "<group>"; };
		33DA0C5E1731E74D008C2004 /* volume@2x.png */ = {isa = PBXFileReference; lastKnownFileType = image.png; path = "volume@2x.png"; sourceTree = "<group>"; };
		33DA0C5F1731E74D008C2004 /* AUInfoRound.tiff */ = {isa = PBXFileReference; lastKnownFileType = image.tiff; path = AUInfoRound.tiff; sourceTree = "<group>"; };
		33DA0C601731E74D008C2004 /* AUInfoRoundDown.tiff */ = {isa = PBXFileReference; lastKnownFileType = image.tiff; path = AUInfoRoundDown.tiff; sourceTree = "<group>"; };
		33DA0CD41731E994008C2004 /* AUSpotifyLoginPanel.xib */ = {isa = PBXFileReference; fileEncoding = 4; lastKnownFileType = file.xib; path = AUSpotifyLoginPanel.xib; sourceTree = "<group>"; };
		33DA0CD61731E9A6008C2004 /* AUSpotifyLoginPanelController.h */ = {isa = PBXFileReference; fileEncoding = 4; lastKnownFileType = sourcecode.c.h; path = AUSpotifyLoginPanelController.h; sourceTree = "<group>"; };
		33DA0CD71731E9A6008C2004 /* AUSpotifyLoginPanelController.m */ = {isa = PBXFileReference; fileEncoding = 4; lastKnownFileType = sourcecode.c.objc; path = AUSpotifyLoginPanelController.m; sourceTree = "<group>"; };
		3A3FEE7661E84839AA6DBCFA /* Pods.xcconfig */ = {isa = PBXFileReference; includeInIndex = 1; lastKnownFileType = text.xcconfig; name = Pods.xcconfig; path = Pods/Pods.xcconfig; sourceTree = SOURCE_ROOT; };
		46E59A15738343AEB60F48BB /* libPods.a */ = {isa = PBXFileReference; explicitFileType = archive.ar; includeInIndex = 0; path = libPods.a; sourceTree = BUILT_PRODUCTS_DIR; };
/* End PBXFileReference section */

/* Begin PBXFrameworksBuildPhase section */
		332E61C71731D964008C8025 /* Frameworks */ = {
			isa = PBXFrameworksBuildPhase;
			buildActionMask = 2147483647;
			files = (
				332E62001731DADB008C8025 /* CocoaLibSpotify.framework in Frameworks */,
				332E61CE1731D964008C8025 /* Cocoa.framework in Frameworks */,
				1C0C2F7D8D2A414298DAE3C8 /* libPods.a in Frameworks */,
			);
			runOnlyForDeploymentPostprocessing = 0;
		};
/* End PBXFrameworksBuildPhase section */

/* Begin PBXGroup section */
		332E61C11731D964008C8025 = {
			isa = PBXGroup;
			children = (
				332E61D31731D964008C8025 /* Aurora */,
				332E61CC1731D964008C8025 /* Frameworks */,
				332E61CB1731D964008C8025 /* Products */,
				3A3FEE7661E84839AA6DBCFA /* Pods.xcconfig */,
			);
			sourceTree = "<group>";
		};
		332E61CB1731D964008C8025 /* Products */ = {
			isa = PBXGroup;
			children = (
				332E61CA1731D964008C8025 /* Aurora.app */,
			);
			name = Products;
			sourceTree = "<group>";
		};
		332E61CC1731D964008C8025 /* Frameworks */ = {
			isa = PBXGroup;
			children = (
				332E61F51731DACD008C8025 /* CocoaLibSpotify Mac Framework.xcodeproj */,
				332E61CD1731D964008C8025 /* Cocoa.framework */,
				332E61CF1731D964008C8025 /* Other Frameworks */,
				46E59A15738343AEB60F48BB /* libPods.a */,
			);
			name = Frameworks;
			sourceTree = "<group>";
		};
		332E61CF1731D964008C8025 /* Other Frameworks */ = {
			isa = PBXGroup;
			children = (
				332E61D01731D964008C8025 /* AppKit.framework */,
				332E61D11731D964008C8025 /* CoreData.framework */,
				332E61D21731D964008C8025 /* Foundation.framework */,
			);
			name = "Other Frameworks";
			sourceTree = "<group>";
		};
		332E61D31731D964008C8025 /* Aurora */ = {
			isa = PBXGroup;
			children = (
				3349D22A1735EE5F00648144 /* AUPlaybackCoordinator.h */,
				3349D22B1735EE6A00648144 /* AUPlaybackCoordinator.m */,
				3349D2301735FCB800648144 /* Value Transformers */,
				33CC93551735CE7B00F67A99 /* Special Views */,
				332E61DF1731D964008C8025 /* AUAppDelegate.h */,
				332E61E01731D964008C8025 /* AUAppDelegate.m */,
				332E61E21731D964008C8025 /* MainMenu.xib */,
				33DA0CD31731E985008C2004 /* Login Sheet */,
				339DD8FE1731FA6200E30409 /* Spotify View */,
				336BE11F173323D30069C92C /* Song Editor */,
				336BE1161733216D0069C92C /* Effects */,
				336BE118173321A30069C92C /* Effect Test */,
				339DD8F51731F7D500E30409 /* Navigation Controller */,
				332E61D41731D964008C8025 /* Supporting Files */,
			);
			path = Aurora;
			sourceTree = "<group>";
		};
		332E61D41731D964008C8025 /* Supporting Files */ = {
			isa = PBXGroup;
			children = (
				332E62011731DB2C008C8025 /* appkey.h */,
				336BE107173321580069C92C /* AUHueLight.icns */,
				33DA0BED1731E716008C2004 /* Images */,
				332E61D51731D964008C8025 /* Aurora-Info.plist */,
				332E61D61731D964008C8025 /* InfoPlist.strings */,
				332E61D91731D964008C8025 /* main.m */,
				332E61DB1731D964008C8025 /* Aurora-Prefix.pch */,
				332E61DC1731D964008C8025 /* Credits.rtf */,
			);
			name = "Supporting Files";
			sourceTree = "<group>";
		};
		332E61F61731DACD008C8025 /* Products */ = {
			isa = PBXGroup;
			children = (
				332E61FB1731DACE008C8025 /* CocoaLibSpotify.framework */,
				332E61FD1731DACE008C8025 /* CocoaLSTests.app */,
			);
			name = Products;
			sourceTree = "<group>";
		};
		3349D2261735DD7200648144 /* Models */ = {
			isa = PBXGroup;
			children = (
				3349D2271735EAF400648144 /* AUSongTimeline.h */,
				3349D2281735EAF500648144 /* AUSongTimeline.m */,
				330603971741FDDE00D7BD91 /* AUTimelineChannel.h */,
				330603981741FDDE00D7BD91 /* AUTimelineChannel.m */,
			);
			name = Models;
			sourceTree = "<group>";
		};
		3349D2301735FCB800648144 /* Value Transformers */ = {
			isa = PBXGroup;
			children = (
				3349D22D1735F56900648144 /* AUArrayTransformer.h */,
				3349D22E1735F57300648144 /* AUArrayTransformer.m */,
				3349D2231735DD6200648144 /* AULightIndexTransformer.h */,
				3349D2241735DD6300648144 /* AULightIndexTransformer.m */,
			);
			name = "Value Transformers";
			sourceTree = "<group>";
		};
		336BE1161733216D0069C92C /* Effects */ = {
			isa = PBXGroup;
			children = (
				336BE119173321F40069C92C /* Effects Views */,
				336BE0FA173321580069C92C /* AUEffect.h */,
				336BE0FB173321580069C92C /* AUEffect.m */,
				336BE0FF173321580069C92C /* AUEffectEditView.xib */,
				336BE12B1733245A0069C92C /* Strobe */,
				336BE117173321750069C92C /* Color Pulse */,
			);
			name = Effects;
			sourceTree = "<group>";
		};
		336BE117173321750069C92C /* Color Pulse */ = {
			isa = PBXGroup;
			children = (
				336BE0F8173321580069C92C /* AUColorPulse.h */,
				336BE0F9173321580069C92C /* AUColorPulse.m */,
			);
			name = "Color Pulse";
			sourceTree = "<group>";
		};
		336BE118173321A30069C92C /* Effect Test */ = {
			isa = PBXGroup;
			children = (
				336BE108173321580069C92C /* AULightColorView.h */,
				336BE109173321580069C92C /* AULightColorView.m */,
				336BE12C173324BB0069C92C /* AULightTableCellView.h */,
				336BE12D173324BB0069C92C /* AULightTableCellView.m */,
				336BE103173321580069C92C /* AUEffectTestViewController.h */,
				336BE104173321580069C92C /* AUEffectTestViewController.m */,
				336BE102173321580069C92C /* AUEffectTestView.xib */,
				336BE0FC173321580069C92C /* AUEffectCollectionViewItem.h */,
				336BE0FD173321580069C92C /* AUEffectCollectionViewItem.m */,
				336BE0FE173321580069C92C /* AUEffectCollectionViewItem.xib */,
			);
			name = "Effect Test";
			sourceTree = "<group>";
		};
		336BE119173321F40069C92C /* Effects Views */ = {
			isa = PBXGroup;
			children = (
				336BE105173321580069C92C /* AUEffectViewController.h */,
				336BE106173321580069C92C /* AUEffectViewController.m */,
			);
			name = "Effects Views";
			sourceTree = "<group>";
		};
		336BE11F173323D30069C92C /* Song Editor */ = {
			isa = PBXGroup;
			children = (
				33CC93531735C92400F67A99 /* View Controller */,
				33CC93541735C92D00F67A99 /* Views */,
				3349D2261735DD7200648144 /* Models */,
			);
			name = "Song Editor";
			sourceTree = "<group>";
		};
		336BE12B1733245A0069C92C /* Strobe */ = {
			isa = PBXGroup;
			children = (
				336BE1261733244E0069C92C /* AUStrobe.h */,
				336BE1271733244E0069C92C /* AUStrobe.m */,
			);
			name = Strobe;
			sourceTree = "<group>";
		};
		339DD8F51731F7D500E30409 /* Navigation Controller */ = {
			isa = PBXGroup;
			children = (
				339DD8F21731F7D200E30409 /* BFViewController.h */,
				339DD8F01731F7D200E30409 /* BFNavigationController.h */,
				339DD8F11731F7D200E30409 /* BFNavigationController.m */,
				339DD8F61731F82200E30409 /* NSView+BFUtilities.h */,
				339DD8F71731F82200E30409 /* NSView+BFUtilities.m */,
			);
			name = "Navigation Controller";
			sourceTree = "<group>";
		};
		339DD8FE1731FA6200E30409 /* Spotify View */ = {
			isa = PBXGroup;
			children = (
				339DD8FA1731FA5B00E30409 /* AUSpotifyViewController.h */,
				339DD8FB1731FA5B00E30409 /* AUSpotifyViewController.m */,
				339DD8F91731FA5B00E30409 /* AUSpotifyView.xib */,
			);
			name = "Spotify View";
			sourceTree = "<group>";
		};
		33CC93531735C92400F67A99 /* View Controller */ = {
			isa = PBXGroup;
			children = (
				336BE11B173323CA0069C92C /* AUSongEditorViewController.h */,
				336BE11C173323CA0069C92C /* AUSongEditorViewController.m */,
				336BE11A173323CA0069C92C /* AUSongEditorView.xib */,
			);
			name = "View Controller";
			sourceTree = "<group>";
		};
		33CC93541735C92D00F67A99 /* Views */ = {
			isa = PBXGroup;
			children = (
				330603691740A56E00D7BD91 /* AULinkedScrollView.h */,
				3306036A1740A56E00D7BD91 /* AULinkedScrollView.m */,
				336FBD5B1735C2F9008A8C01 /* AUEditorCellView.h */,
				336FBD5C1735C2F9008A8C01 /* AUEditorCellView.m */,
				336FBD5F1735C311008A8C01 /* AULightCellView.h */,
				336FBD601735C311008A8C01 /* AULightCellView.m */,
				33CC934F1735C36800F67A99 /* AUTimelineView.h */,
				33CC93501735C36800F67A99 /* AUTimelineView.m */,
			);
			name = Views;
			sourceTree = "<group>";
		};
		33CC93551735CE7B00F67A99 /* Special Views */ = {
			isa = PBXGroup;
			children = (
				33CC93561735CEAF00F67A99 /* NSView+AUAdditions.h */,
				33CC93571735CEAF00F67A99 /* NSView+AUAdditions.m */,
				33CC93591735D75100F67A99 /* AUScrollView.h */,
				33CC935A1735D75100F67A99 /* AUScrollView.m */,
				3349D2201735DB8600648144 /* AUView.h */,
				3349D2211735DB8600648144 /* AUView.m */,
			);
			name = "Special Views";
			path = ..;
			sourceTree = "<group>";
		};
		33DA0BED1731E716008C2004 /* Images */ = {
			isa = PBXGroup;
			children = (
				33DA0BF81731E74D008C2004 /* album-Template.png */,
				33DA0BF91731E74D008C2004 /* album-Template@2x.png */,
				33DA0BFA1731E74D008C2004 /* artist-Template.png */,
				33DA0BFB1731E74D008C2004 /* artist-Template@2x.png */,
				33DA0BFC1731E74D008C2004 /* AUAddWithArrowTemplate.png */,
				33DA0BFD1731E74D008C2004 /* AUAddWithArrowTemplate@2x.png */,
				33DA0BFE1731E74D008C2004 /* AUBlueStatusBead.png */,
				33DA0BFF1731E74D008C2004 /* AUBlueStatusBead@2x.png */,
				33DA0C001731E74D008C2004 /* AUDisclosureTriangleDiagonal.png */,
				33DA0C011731E74D008C2004 /* AUDisclosureTriangleDiagonal@2x.png */,
				33DA0C021731E74D008C2004 /* AUDisclosureTriangleDown.png */,
				33DA0C031731E74D008C2004 /* AUDisclosureTriangleDown@2x.png */,
				33DA0C041731E74D008C2004 /* AUDisclosureTriangleDownPressed.png */,
				33DA0C051731E74D008C2004 /* AUDisclosureTriangleDownPressed@2x.png */,
				33DA0C061731E74D008C2004 /* AUDisclosureTriangleRight.png */,
				33DA0C071731E74D008C2004 /* AUDisclosureTriangleRight@2x.png */,
				33DA0C081731E74D008C2004 /* AUDisclosureTriangleRightPressed.png */,
				33DA0C091731E74D008C2004 /* AUDisclosureTriangleRightPressed@2x.png */,
				33DA0C0A1731E74D008C2004 /* AUGrayStatusBead.png */,
				33DA0C0B1731E74D008C2004 /* AUGrayStatusBead@2x.png */,
				33DA0C0C1731E74D008C2004 /* AUGreenCircleShape.png */,
				33DA0C5F1731E74D008C2004 /* AUInfoRound.tiff */,
				33B1411C17420599007CC2E4 /* AUPlay.png */,
				33B1411E174206E5007CC2E4 /* AUPause.png */,
				33B14120174208BA007CC2E4 /* AULastSong.png */,
				33B14122174208C7007CC2E4 /* AUNextSong.png */,
				33DA0C601731E74D008C2004 /* AUInfoRoundDown.tiff */,
				33DA0C0D1731E74D008C2004 /* AULighterGreenStatusBead.png */,
				33DA0C0E1731E74D008C2004 /* AULighterGreenStatusBead@2x.png */,
				33DA0C0F1731E74D008C2004 /* AULightGreenStatusBead.png */,
				33DA0C101731E74D008C2004 /* AULightGreenStatusBead@2x.png */,
				33DA0C111731E74D008C2004 /* AULinenDark.png */,
				33DA0C121731E74D008C2004 /* AULinenDark@2x.png */,
				33DA0C131731E74D008C2004 /* AULinenLight.png */,
				33DA0C141731E74D008C2004 /* AULinenLight@2x.png */,
				33DA0BEF1731E74D008C2004 /* AULineQuadTemplate.pdf */,
				33DA0BF01731E74D008C2004 /* AULineTripleTemplate.pdf */,
				33DA0C151731E74D008C2004 /* AUNewRecord.png */,
				33DA0C161731E74D008C2004 /* AUNewRecord@2x.png */,
				33DA0BF41731E74D008C2004 /* AUResume.pdf */,
				336BE120173324320069C92C /* AUScheduleClock.icns */,
				33DA0BF51731E74D008C2004 /* AUShelfArrowDown.pdf */,
				33DA0BF61731E74D008C2004 /* AUShelfArrowUp.pdf */,
				33DA0BF71731E74D008C2004 /* AUShelfArrowUpSelected.pdf */,
				336BE121173324330069C92C /* AUSnapshot.icns */,
				336BE122173324330069C92C /* AUSpectrumChart.jpg */,
				33DA0C171731E74D008C2004 /* AUSplitterHandle.png */,
				33DA0C181731E74D008C2004 /* AUSplitterHandle@2x.png */,
				336BE1281733244E0069C92C /* AUSuccess.icns */,
				33DA0C191731E74D008C2004 /* clear-icon.png */,
				33DA0C1A1731E74D008C2004 /* clear-icon@2x.png */,
				33DA0C1B1731E74D008C2004 /* crosshatch-bg-inactive.png */,
				33DA0C1C1731E74D008C2004 /* crosshatch-bg-inactive@2x.png */,
				33DA0C1D1731E74D008C2004 /* crosshatch-bg.png */,
				33DA0C1E1731E74D008C2004 /* crosshatch-bg@2x.png */,
				33DA0C1F1731E74D008C2004 /* dotted-border.png */,
				33DA0C201731E74D008C2004 /* dotted-border@2x.png */,
				33DA0C211731E74D008C2004 /* edit-mix.png */,
				33DA0C221731E74D008C2004 /* edit-mix@2x.png */,
				33DA0C231731E74D008C2004 /* editing-cancel.png */,
				33DA0C241731E74D008C2004 /* editing-cancel@2x.png */,
				33DA0C251731E74D008C2004 /* editing-done.png */,
				33DA0C261731E74D008C2004 /* editing-done@2x.png */,
				33DA0C271731E74D008C2004 /* eq-reset.png */,
				33DA0C281731E74D008C2004 /* eq-reset@2x.png */,
				33DA0C291731E74D008C2004 /* general.png */,
				33DA0C2A1731E74D008C2004 /* general@2x.png */,
				33DA0C2B1731E74D008C2004 /* nav-Template.png */,
				33DA0C2C1731E74D008C2004 /* nav-Template@2x.png */,
				33DA0C2D1731E74D008C2004 /* pause-button.png */,
				33DA0C2E1731E74D008C2004 /* pause-button@2x.png */,
				33DA0C2F1731E74D008C2004 /* play-button.png */,
				33DA0C301731E74D008C2004 /* play-button@2x.png */,
				33DA0C311731E74D008C2004 /* plus-h-Template.png */,
				33DA0C321731E74D008C2004 /* plus-h-Template@2x.png */,
				33DA0C331731E74D008C2004 /* plus-Template.png */,
				33DA0C341731E74D008C2004 /* plus-Template@2x.png */,
				33DA0C351731E74D008C2004 /* queue-return-left.png */,
				33DA0C361731E74D008C2004 /* queue-return-left@2x.png */,
				33DA0C371731E74D008C2004 /* queue-return-right.png */,
				33DA0C381731E74D008C2004 /* queue-return-right@2x.png */,
				33DA0C391731E74D008C2004 /* repeat-all.png */,
				33DA0C3A1731E74D008C2004 /* repeat-all@2x.png */,
				33DA0C3B1731E74D008C2004 /* repeat-icon.png */,
				33DA0C3C1731E74D008C2004 /* repeat-icon@2x.png */,
				33DA0C3D1731E74D008C2004 /* repeat-one.png */,
				33DA0C3E1731E74D008C2004 /* repeat-one@2x.png */,
				33DA0C3F1731E74D008C2004 /* save-icon.png */,
				33DA0C401731E74D008C2004 /* save-icon@2x.png */,
				33DA0C411731E74D008C2004 /* share-button.png */,
				33DA0C421731E74D008C2004 /* share-button@2x.png */,
				33DA0C431731E74D008C2004 /* shuffle-active.png */,
				33DA0C441731E74D008C2004 /* shuffle-active@2x.png */,
				33DA0C451731E74D008C2004 /* shuffle-icon.png */,
				33DA0C461731E74D008C2004 /* shuffle-icon@2x.png */,
				33DA0C471731E74D008C2004 /* slider-empty-bottom.png */,
				33DA0C481731E74D008C2004 /* slider-empty-bottom@2x.png */,
				33DA0C491731E74D008C2004 /* slider-empty-mid.png */,
				33DA0C4A1731E74D008C2004 /* slider-empty-mid@2x.png */,
				33DA0C4B1731E74D008C2004 /* slider-empty-top.png */,
				33DA0C4C1731E74D008C2004 /* slider-empty-top@2x.png */,
				33DA0C4D1731E74D008C2004 /* slider-filled-bottom.png */,
				33DA0C4E1731E74D008C2004 /* slider-filled-bottom@2x.png */,
				33DA0C4F1731E74D008C2004 /* slider-filled-mid.png */,
				33DA0C501731E74D008C2004 /* slider-filled-mid@2x.png */,
				33DA0C511731E74D008C2004 /* slider-filled-top.png */,
				33DA0C521731E74D008C2004 /* slider-filled-top@2x.png */,
				33DA0C531731E74D008C2004 /* slider-knob-h.png */,
				33DA0C541731E74D008C2004 /* slider-knob-h@2x.png */,
				33DA0C551731E74D008C2004 /* slider-knob.png */,
				33DA0C561731E74D008C2004 /* slider-knob@2x.png */,
				33DA0C571731E74D008C2004 /* song-Template.png */,
				33DA0C581731E74D008C2004 /* song-Template@2x.png */,
				33DA0C591731E74D008C2004 /* sort-new-Template.png */,
				33DA0C5A1731E74D008C2004 /* sort-new-Template@2x.png */,
				33DA0C5B1731E74D008C2004 /* sync.png */,
				33DA0C5C1731E74D008C2004 /* sync@2x.png */,
				33DA0C5D1731E74D008C2004 /* volume.png */,
				33DA0C5E1731E74D008C2004 /* volume@2x.png */,
			);
			name = Images;
			sourceTree = "<group>";
		};
		33DA0CD31731E985008C2004 /* Login Sheet */ = {
			isa = PBXGroup;
			children = (
				33DA0CD61731E9A6008C2004 /* AUSpotifyLoginPanelController.h */,
				33DA0CD71731E9A6008C2004 /* AUSpotifyLoginPanelController.m */,
				33DA0CD41731E994008C2004 /* AUSpotifyLoginPanel.xib */,
			);
			name = "Login Sheet";
			sourceTree = "<group>";
		};
/* End PBXGroup section */

/* Begin PBXNativeTarget section */
		332E61C91731D964008C8025 /* Aurora */ = {
			isa = PBXNativeTarget;
			buildConfigurationList = 332E61E71731D964008C8025 /* Build configuration list for PBXNativeTarget "Aurora" */;
			buildPhases = (
				332E61C61731D964008C8025 /* Sources */,
				332E61C71731D964008C8025 /* Frameworks */,
				332E61C81731D964008C8025 /* Resources */,
				79C6F5B34230491F900A4CDC /* Copy Pods Resources */,
			);
			buildRules = (
			);
			dependencies = (
				332E61FF1731DAD4008C8025 /* PBXTargetDependency */,
			);
			name = Aurora;
			productName = Aurora;
			productReference = 332E61CA1731D964008C8025 /* Aurora.app */;
			productType = "com.apple.product-type.application";
		};
/* End PBXNativeTarget section */

/* Begin PBXProject section */
		332E61C21731D964008C8025 /* Project object */ = {
			isa = PBXProject;
			attributes = {
				CLASSPREFIX = AU;
				LastUpgradeCheck = 0460;
				ORGANIZATIONNAME = "Jason Dreisbach";
			};
			buildConfigurationList = 332E61C51731D964008C8025 /* Build configuration list for PBXProject "Aurora" */;
			compatibilityVersion = "Xcode 3.2";
			developmentRegion = English;
			hasScannedForEncodings = 0;
			knownRegions = (
				en,
			);
			mainGroup = 332E61C11731D964008C8025;
			productRefGroup = 332E61CB1731D964008C8025 /* Products */;
			projectDirPath = "";
			projectReferences = (
				{
					ProductGroup = 332E61F61731DACD008C8025 /* Products */;
					ProjectRef = 332E61F51731DACD008C8025 /* CocoaLibSpotify Mac Framework.xcodeproj */;
				},
			);
			projectRoot = "";
			targets = (
				332E61C91731D964008C8025 /* Aurora */,
			);
		};
/* End PBXProject section */

/* Begin PBXReferenceProxy section */
		332E61FB1731DACE008C8025 /* CocoaLibSpotify.framework */ = {
			isa = PBXReferenceProxy;
			fileType = wrapper.framework;
			path = CocoaLibSpotify.framework;
			remoteRef = 332E61FA1731DACE008C8025 /* PBXContainerItemProxy */;
			sourceTree = BUILT_PRODUCTS_DIR;
		};
		332E61FD1731DACE008C8025 /* CocoaLSTests.app */ = {
			isa = PBXReferenceProxy;
			fileType = wrapper.application;
			path = CocoaLSTests.app;
			remoteRef = 332E61FC1731DACE008C8025 /* PBXContainerItemProxy */;
			sourceTree = BUILT_PRODUCTS_DIR;
		};
/* End PBXReferenceProxy section */

/* Begin PBXResourcesBuildPhase section */
		332E61C81731D964008C8025 /* Resources */ = {
			isa = PBXResourcesBuildPhase;
			buildActionMask = 2147483647;
			files = (
				332E61D81731D964008C8025 /* InfoPlist.strings in Resources */,
				332E61DE1731D964008C8025 /* Credits.rtf in Resources */,
				332E61E41731D964008C8025 /* MainMenu.xib in Resources */,
				33DA0C611731E74D008C2004 /* AULineQuadTemplate.pdf in Resources */,
				33DA0C621731E74D008C2004 /* AULineTripleTemplate.pdf in Resources */,
				33DA0C661731E74D008C2004 /* AUResume.pdf in Resources */,
				33DA0C671731E74D008C2004 /* AUShelfArrowDown.pdf in Resources */,
				33DA0C681731E74D008C2004 /* AUShelfArrowUp.pdf in Resources */,
				33DA0C691731E74D008C2004 /* AUShelfArrowUpSelected.pdf in Resources */,
				33DA0C6A1731E74D008C2004 /* album-Template.png in Resources */,
				33DA0C6B1731E74D008C2004 /* album-Template@2x.png in Resources */,
				33DA0C6C1731E74D008C2004 /* artist-Template.png in Resources */,
				33DA0C6D1731E74D008C2004 /* artist-Template@2x.png in Resources */,
				33DA0C6E1731E74D008C2004 /* AUAddWithArrowTemplate.png in Resources */,
				33DA0C6F1731E74D008C2004 /* AUAddWithArrowTemplate@2x.png in Resources */,
				33DA0C701731E74D008C2004 /* AUBlueStatusBead.png in Resources */,
				33DA0C711731E74D008C2004 /* AUBlueStatusBead@2x.png in Resources */,
				33DA0C721731E74D008C2004 /* AUDisclosureTriangleDiagonal.png in Resources */,
				33DA0C731731E74D008C2004 /* AUDisclosureTriangleDiagonal@2x.png in Resources */,
				33DA0C741731E74D008C2004 /* AUDisclosureTriangleDown.png in Resources */,
				33DA0C751731E74D008C2004 /* AUDisclosureTriangleDown@2x.png in Resources */,
				33DA0C761731E74D008C2004 /* AUDisclosureTriangleDownPressed.png in Resources */,
				33DA0C771731E74D008C2004 /* AUDisclosureTriangleDownPressed@2x.png in Resources */,
				33DA0C781731E74D008C2004 /* AUDisclosureTriangleRight.png in Resources */,
				33DA0C791731E74D008C2004 /* AUDisclosureTriangleRight@2x.png in Resources */,
				33DA0C7A1731E74D008C2004 /* AUDisclosureTriangleRightPressed.png in Resources */,
				33DA0C7B1731E74D008C2004 /* AUDisclosureTriangleRightPressed@2x.png in Resources */,
				33DA0C7C1731E74D008C2004 /* AUGrayStatusBead.png in Resources */,
				33DA0C7D1731E74D008C2004 /* AUGrayStatusBead@2x.png in Resources */,
				33DA0C7E1731E74D008C2004 /* AUGreenCircleShape.png in Resources */,
				33DA0C7F1731E74D008C2004 /* AULighterGreenStatusBead.png in Resources */,
				33DA0C801731E74D008C2004 /* AULighterGreenStatusBead@2x.png in Resources */,
				33DA0C811731E74D008C2004 /* AULightGreenStatusBead.png in Resources */,
				33DA0C821731E74D008C2004 /* AULightGreenStatusBead@2x.png in Resources */,
				33DA0C831731E74D008C2004 /* AULinenDark.png in Resources */,
				33DA0C841731E74D008C2004 /* AULinenDark@2x.png in Resources */,
				33DA0C851731E74D008C2004 /* AULinenLight.png in Resources */,
				33DA0C861731E74D008C2004 /* AULinenLight@2x.png in Resources */,
				33DA0C871731E74D008C2004 /* AUNewRecord.png in Resources */,
				33DA0C881731E74D008C2004 /* AUNewRecord@2x.png in Resources */,
				33DA0C891731E74D008C2004 /* AUSplitterHandle.png in Resources */,
				33DA0C8A1731E74D008C2004 /* AUSplitterHandle@2x.png in Resources */,
				33DA0C8B1731E74D008C2004 /* clear-icon.png in Resources */,
				33DA0C8C1731E74D008C2004 /* clear-icon@2x.png in Resources */,
				33DA0C8D1731E74D008C2004 /* crosshatch-bg-inactive.png in Resources */,
				33DA0C8E1731E74D008C2004 /* crosshatch-bg-inactive@2x.png in Resources */,
				33DA0C8F1731E74D008C2004 /* crosshatch-bg.png in Resources */,
				33DA0C901731E74D008C2004 /* crosshatch-bg@2x.png in Resources */,
				33DA0C911731E74D008C2004 /* dotted-border.png in Resources */,
				33DA0C921731E74D008C2004 /* dotted-border@2x.png in Resources */,
				33DA0C931731E74D008C2004 /* edit-mix.png in Resources */,
				33DA0C941731E74D008C2004 /* edit-mix@2x.png in Resources */,
				33DA0C951731E74D008C2004 /* editing-cancel.png in Resources */,
				33DA0C961731E74D008C2004 /* editing-cancel@2x.png in Resources */,
				33DA0C971731E74D008C2004 /* editing-done.png in Resources */,
				33DA0C981731E74D008C2004 /* editing-done@2x.png in Resources */,
				33DA0C991731E74D008C2004 /* eq-reset.png in Resources */,
				33DA0C9A1731E74D008C2004 /* eq-reset@2x.png in Resources */,
				33DA0C9B1731E74D008C2004 /* general.png in Resources */,
				33DA0C9C1731E74D008C2004 /* general@2x.png in Resources */,
				33DA0C9D1731E74D008C2004 /* nav-Template.png in Resources */,
				33DA0C9E1731E74D008C2004 /* nav-Template@2x.png in Resources */,
				33DA0C9F1731E74D008C2004 /* pause-button.png in Resources */,
				33DA0CA01731E74D008C2004 /* pause-button@2x.png in Resources */,
				33DA0CA11731E74D008C2004 /* play-button.png in Resources */,
				33DA0CA21731E74D008C2004 /* play-button@2x.png in Resources */,
				33DA0CA31731E74D008C2004 /* plus-h-Template.png in Resources */,
				33DA0CA41731E74D008C2004 /* plus-h-Template@2x.png in Resources */,
				33DA0CA51731E74D008C2004 /* plus-Template.png in Resources */,
				33DA0CA61731E74D008C2004 /* plus-Template@2x.png in Resources */,
				33DA0CA71731E74D008C2004 /* queue-return-left.png in Resources */,
				33DA0CA81731E74D008C2004 /* queue-return-left@2x.png in Resources */,
				33DA0CA91731E74D008C2004 /* queue-return-right.png in Resources */,
				33DA0CAA1731E74D008C2004 /* queue-return-right@2x.png in Resources */,
				33DA0CAB1731E74D008C2004 /* repeat-all.png in Resources */,
				33DA0CAC1731E74D008C2004 /* repeat-all@2x.png in Resources */,
				33DA0CAD1731E74D008C2004 /* repeat-icon.png in Resources */,
				33DA0CAE1731E74D008C2004 /* repeat-icon@2x.png in Resources */,
				33DA0CAF1731E74D008C2004 /* repeat-one.png in Resources */,
				33DA0CB01731E74D008C2004 /* repeat-one@2x.png in Resources */,
				33DA0CB11731E74D008C2004 /* save-icon.png in Resources */,
				33DA0CB21731E74D008C2004 /* save-icon@2x.png in Resources */,
				33DA0CB31731E74D008C2004 /* share-button.png in Resources */,
				33DA0CB41731E74D008C2004 /* share-button@2x.png in Resources */,
				33DA0CB51731E74D008C2004 /* shuffle-active.png in Resources */,
				33DA0CB61731E74D008C2004 /* shuffle-active@2x.png in Resources */,
				33DA0CB71731E74D008C2004 /* shuffle-icon.png in Resources */,
				33DA0CB81731E74D008C2004 /* shuffle-icon@2x.png in Resources */,
				33DA0CB91731E74D008C2004 /* slider-empty-bottom.png in Resources */,
				33DA0CBA1731E74D008C2004 /* slider-empty-bottom@2x.png in Resources */,
				33DA0CBB1731E74D008C2004 /* slider-empty-mid.png in Resources */,
				33DA0CBC1731E74D008C2004 /* slider-empty-mid@2x.png in Resources */,
				33DA0CBD1731E74D008C2004 /* slider-empty-top.png in Resources */,
				33DA0CBE1731E74D008C2004 /* slider-empty-top@2x.png in Resources */,
				33DA0CBF1731E74D008C2004 /* slider-filled-bottom.png in Resources */,
				33DA0CC01731E74D008C2004 /* slider-filled-bottom@2x.png in Resources */,
				33DA0CC11731E74D008C2004 /* slider-filled-mid.png in Resources */,
				33DA0CC21731E74D008C2004 /* slider-filled-mid@2x.png in Resources */,
				33DA0CC31731E74D008C2004 /* slider-filled-top.png in Resources */,
				33DA0CC41731E74D008C2004 /* slider-filled-top@2x.png in Resources */,
				33DA0CC51731E74D008C2004 /* slider-knob-h.png in Resources */,
				33DA0CC61731E74D008C2004 /* slider-knob-h@2x.png in Resources */,
				33DA0CC71731E74D008C2004 /* slider-knob.png in Resources */,
				33DA0CC81731E74D008C2004 /* slider-knob@2x.png in Resources */,
				33DA0CC91731E74D008C2004 /* song-Template.png in Resources */,
				33DA0CCA1731E74D008C2004 /* song-Template@2x.png in Resources */,
				33DA0CCB1731E74D008C2004 /* sort-new-Template.png in Resources */,
				33DA0CCC1731E74D008C2004 /* sort-new-Template@2x.png in Resources */,
				33DA0CCD1731E74D008C2004 /* sync.png in Resources */,
				33DA0CCE1731E74D008C2004 /* sync@2x.png in Resources */,
				33DA0CCF1731E74D008C2004 /* volume.png in Resources */,
				33DA0CD01731E74D008C2004 /* volume@2x.png in Resources */,
				33DA0CD11731E74D008C2004 /* AUInfoRound.tiff in Resources */,
				33DA0CD21731E74D008C2004 /* AUInfoRoundDown.tiff in Resources */,
				33DA0CD51731E994008C2004 /* AUSpotifyLoginPanel.xib in Resources */,
				339DD8FC1731FA5B00E30409 /* AUSpotifyView.xib in Resources */,
				336BE10D173321580069C92C /* AUEffectCollectionViewItem.xib in Resources */,
				336BE10E173321580069C92C /* AUEffectEditView.xib in Resources */,
				336BE110173321580069C92C /* AUEffectTestView.xib in Resources */,
				336BE113173321580069C92C /* AUHueLight.icns in Resources */,
				336BE11D173323CA0069C92C /* AUSongEditorView.xib in Resources */,
				336BE123173324330069C92C /* AUScheduleClock.icns in Resources */,
				336BE124173324330069C92C /* AUSnapshot.icns in Resources */,
				336BE125173324330069C92C /* AUSpectrumChart.jpg in Resources */,
				336BE12A1733244E0069C92C /* AUSuccess.icns in Resources */,
				33B1411D17420599007CC2E4 /* AUPlay.png in Resources */,
				33B1411F174206E5007CC2E4 /* AUPause.png in Resources */,
				33B14121174208BA007CC2E4 /* AULastSong.png in Resources */,
				33B14123174208C7007CC2E4 /* AUNextSong.png in Resources */,
			);
			runOnlyForDeploymentPostprocessing = 0;
		};
/* End PBXResourcesBuildPhase section */

/* Begin PBXShellScriptBuildPhase section */
		79C6F5B34230491F900A4CDC /* Copy Pods Resources */ = {
			isa = PBXShellScriptBuildPhase;
			buildActionMask = 2147483647;
			files = (
			);
			inputPaths = (
			);
			name = "Copy Pods Resources";
			outputPaths = (
			);
			runOnlyForDeploymentPostprocessing = 0;
			shellPath = /bin/sh;
			shellScript = "\"${SRCROOT}/Pods/Pods-resources.sh\"\n";
		};
/* End PBXShellScriptBuildPhase section */

/* Begin PBXSourcesBuildPhase section */
		332E61C61731D964008C8025 /* Sources */ = {
			isa = PBXSourcesBuildPhase;
			buildActionMask = 2147483647;
			files = (
				332E61DA1731D964008C8025 /* main.m in Sources */,
				332E61E11731D964008C8025 /* AUAppDelegate.m in Sources */,
				33DA0CD81731E9A6008C2004 /* AUSpotifyLoginPanelController.m in Sources */,
				339DD8F31731F7D200E30409 /* BFNavigationController.m in Sources */,
				339DD8F81731F82200E30409 /* NSView+BFUtilities.m in Sources */,
				339DD8FD1731FA5B00E30409 /* AUSpotifyViewController.m in Sources */,
				336BE10A173321580069C92C /* AUColorPulse.m in Sources */,
				336BE10B173321580069C92C /* AUEffect.m in Sources */,
				336BE10C173321580069C92C /* AUEffectCollectionViewItem.m in Sources */,
				336BE111173321580069C92C /* AUEffectTestViewController.m in Sources */,
				336BE112173321580069C92C /* AUEffectViewController.m in Sources */,
				336BE114173321580069C92C /* AULightColorView.m in Sources */,
				336BE11E173323CA0069C92C /* AUSongEditorViewController.m in Sources */,
				336BE1291733244E0069C92C /* AUStrobe.m in Sources */,
				336BE130173324BB0069C92C /* AULightTableCellView.m in Sources */,
				336FBD5D1735C2F9008A8C01 /* AUEditorCellView.m in Sources */,
				336FBD611735C311008A8C01 /* AULightCellView.m in Sources */,
				33CC93511735C36800F67A99 /* AUTimelineView.m in Sources */,
				33CC93581735CEAF00F67A99 /* NSView+AUAdditions.m in Sources */,
				33CC935B1735D75100F67A99 /* AUScrollView.m in Sources */,
				3349D2221735DB8600648144 /* AUView.m in Sources */,
				3349D2251735DD6300648144 /* AULightIndexTransformer.m in Sources */,
				3349D2291735EAF500648144 /* AUSongTimeline.m in Sources */,
				3349D22C1735EE8200648144 /* AUPlaybackCoordinator.m in Sources */,
				3349D22F1735F58500648144 /* AUArrayTransformer.m in Sources */,
				3306036B1740A56E00D7BD91 /* AULinkedScrollView.m in Sources */,
				330603991741FDDE00D7BD91 /* AUTimelineChannel.m in Sources */,
			);
			runOnlyForDeploymentPostprocessing = 0;
		};
/* End PBXSourcesBuildPhase section */

/* Begin PBXTargetDependency section */
		332E61FF1731DAD4008C8025 /* PBXTargetDependency */ = {
			isa = PBXTargetDependency;
			name = CocoaLibSpotify;
			targetProxy = 332E61FE1731DAD4008C8025 /* PBXContainerItemProxy */;
		};
/* End PBXTargetDependency section */

/* Begin PBXVariantGroup section */
		332E61D61731D964008C8025 /* InfoPlist.strings */ = {
			isa = PBXVariantGroup;
			children = (
				332E61D71731D964008C8025 /* en */,
			);
			name = InfoPlist.strings;
			sourceTree = "<group>";
		};
		332E61DC1731D964008C8025 /* Credits.rtf */ = {
			isa = PBXVariantGroup;
			children = (
				332E61DD1731D964008C8025 /* en */,
			);
			name = Credits.rtf;
			sourceTree = "<group>";
		};
		332E61E21731D964008C8025 /* MainMenu.xib */ = {
			isa = PBXVariantGroup;
			children = (
				332E61E31731D964008C8025 /* en */,
			);
			name = MainMenu.xib;
			sourceTree = "<group>";
		};
/* End PBXVariantGroup section */

/* Begin XCBuildConfiguration section */
		332E61E51731D964008C8025 /* Debug */ = {
			isa = XCBuildConfiguration;
			buildSettings = {
				ALWAYS_SEARCH_USER_PATHS = NO;
				ARCHS = "$(ARCHS_STANDARD_64_BIT)";
				CLANG_CXX_LANGUAGE_STANDARD = "gnu++0x";
				CLANG_CXX_LIBRARY = "libc++";
				CLANG_ENABLE_OBJC_ARC = YES;
				CLANG_WARN_CONSTANT_CONVERSION = YES;
				CLANG_WARN_EMPTY_BODY = YES;
				CLANG_WARN_ENUM_CONVERSION = YES;
				CLANG_WARN_INT_CONVERSION = YES;
				CLANG_WARN__DUPLICATE_METHOD_MATCH = YES;
				COPY_PHASE_STRIP = NO;
				GCC_C_LANGUAGE_STANDARD = gnu99;
				GCC_DYNAMIC_NO_PIC = NO;
				GCC_ENABLE_OBJC_EXCEPTIONS = YES;
				GCC_OPTIMIZATION_LEVEL = 0;
				GCC_PREPROCESSOR_DEFINITIONS = (
					"DEBUG=1",
					"$(inherited)",
				);
				GCC_SYMBOLS_PRIVATE_EXTERN = NO;
				GCC_WARN_64_TO_32_BIT_CONVERSION = YES;
				GCC_WARN_ABOUT_RETURN_TYPE = YES;
				GCC_WARN_UNINITIALIZED_AUTOS = YES;
				GCC_WARN_UNUSED_VARIABLE = YES;
				MACOSX_DEPLOYMENT_TARGET = 10.8;
				ONLY_ACTIVE_ARCH = YES;
				SDKROOT = macosx;
			};
			name = Debug;
		};
		332E61E61731D964008C8025 /* Release */ = {
			isa = XCBuildConfiguration;
			buildSettings = {
				ALWAYS_SEARCH_USER_PATHS = NO;
				ARCHS = "$(ARCHS_STANDARD_64_BIT)";
				CLANG_CXX_LANGUAGE_STANDARD = "gnu++0x";
				CLANG_CXX_LIBRARY = "libc++";
				CLANG_ENABLE_OBJC_ARC = YES;
				CLANG_WARN_CONSTANT_CONVERSION = YES;
				CLANG_WARN_EMPTY_BODY = YES;
				CLANG_WARN_ENUM_CONVERSION = YES;
				CLANG_WARN_INT_CONVERSION = YES;
				CLANG_WARN__DUPLICATE_METHOD_MATCH = YES;
				COPY_PHASE_STRIP = YES;
				DEBUG_INFORMATION_FORMAT = "dwarf-with-dsym";
				GCC_C_LANGUAGE_STANDARD = gnu99;
				GCC_ENABLE_OBJC_EXCEPTIONS = YES;
				GCC_WARN_64_TO_32_BIT_CONVERSION = YES;
				GCC_WARN_ABOUT_RETURN_TYPE = YES;
				GCC_WARN_UNINITIALIZED_AUTOS = YES;
				GCC_WARN_UNUSED_VARIABLE = YES;
				MACOSX_DEPLOYMENT_TARGET = 10.8;
				SDKROOT = macosx;
			};
			name = Release;
		};
		332E61E81731D964008C8025 /* Debug */ = {
			isa = XCBuildConfiguration;
			baseConfigurationReference = 3A3FEE7661E84839AA6DBCFA /* Pods.xcconfig */;
			buildSettings = {
				COMBINE_HIDPI_IMAGES = YES;
				FRAMEWORK_SEARCH_PATHS = "$CONFIGURATION_BUILD_DIR/CocoaLibSpotify.framework/Versions/Frameworks/**";
				GCC_PRECOMPILE_PREFIX_HEADER = YES;
				GCC_PREFIX_HEADER = "Aurora/Aurora-Prefix.pch";
				INFOPLIST_FILE = "Aurora/Aurora-Info.plist";
				PRODUCT_NAME = "$(TARGET_NAME)";
				WRAPPER_EXTENSION = app;
			};
			name = Debug;
		};
		332E61E91731D964008C8025 /* Release */ = {
			isa = XCBuildConfiguration;
			baseConfigurationReference = 3A3FEE7661E84839AA6DBCFA /* Pods.xcconfig */;
			buildSettings = {
				COMBINE_HIDPI_IMAGES = YES;
				FRAMEWORK_SEARCH_PATHS = "$CONFIGURATION_BUILD_DIR/CocoaLibSpotify.framework/Versions/Frameworks/**";
				GCC_PRECOMPILE_PREFIX_HEADER = YES;
				GCC_PREFIX_HEADER = "Aurora/Aurora-Prefix.pch";
				INFOPLIST_FILE = "Aurora/Aurora-Info.plist";
				PRODUCT_NAME = "$(TARGET_NAME)";
				WRAPPER_EXTENSION = app;
			};
			name = Release;
		};
/* End XCBuildConfiguration section */

/* Begin XCConfigurationList section */
		332E61C51731D964008C8025 /* Build configuration list for PBXProject "Aurora" */ = {
			isa = XCConfigurationList;
			buildConfigurations = (
				332E61E51731D964008C8025 /* Debug */,
				332E61E61731D964008C8025 /* Release */,
			);
			defaultConfigurationIsVisible = 0;
			defaultConfigurationName = Release;
		};
		332E61E71731D964008C8025 /* Build configuration list for PBXNativeTarget "Aurora" */ = {
			isa = XCConfigurationList;
			buildConfigurations = (
				332E61E81731D964008C8025 /* Debug */,
				332E61E91731D964008C8025 /* Release */,
			);
			defaultConfigurationIsVisible = 0;
			defaultConfigurationName = Release;
		};
/* End XCConfigurationList section */
	};
	rootObject = 332E61C21731D964008C8025 /* Project object */;
}
